{"format_version":"1.0","provider_schemas":{"registry.terraform.io/clickhouse/clickhouse":{"provider":{"version":0,"block":{"attributes":{"api_url":{"type":"string","description":"API URL of the ClickHouse OpenAPI the provider will interact with. Alternatively, can be configured using the `CLICKHOUSE_API_URL` environment variable. Only specify if you have a specific deployment of the ClickHouse OpenAPI you want to run against.","description_kind":"plain","optional":true},"organization_id":{"type":"string","description":"ID of the organization the provider will create services under. Alternatively, can be configured using the `CLICKHOUSE_ORG_ID` environment variable.","description_kind":"plain","optional":true},"timeout_seconds":{"type":"number","description":"Timeout in seconds for the HTTP client.","description_kind":"plain","optional":true},"token_key":{"type":"string","description":"Token key of the key/secret pair. Used to authenticate with OpenAPI. Alternatively, can be configured using the `CLICKHOUSE_TOKEN_KEY` environment variable.","description_kind":"plain","optional":true},"token_secret":{"type":"string","description":"Token secret of the key/secret pair. Used to authenticate with OpenAPI. Alternatively, can be configured using the `CLICKHOUSE_TOKEN_SECRET` environment variable.","description_kind":"plain","optional":true,"sensitive":true}},"description":"# This is the official provider for ClickHouse Cloud.\n\nWith this provider you can deploy a ClickHouse instance on AWS, Google Cloud or Azure Cloud.\n\nTo use this provider, you need to [Sign In](https://clickhouse.cloud/signIn) for a ClickHouse Cloud account and generate an [API key](https://clickhouse.com/docs/en/cloud/manage/openapi).\n\nYou can find more example on how to use this provider on [Github](https://github.com/ClickHouse/terraform-provider-clickhouse/tree/main/examples/full).\n\nVisit [https://clickhouse.com/docs/en/cloud-quick-start](https://clickhouse.com/docs/en/cloud-quick-start) now to get started using ClickHouse Cloud.\n\n## Breaking changes\n\nNote: we only provide upgrade path from consecutive major releases of our terraform provider.\nIf you are upgrading, please be sure to not skip any major release while you do so.\n\nFor example:\n\n- `0.3.0` to `1.0.0` is a valid upgrade path\n- `0.3.0` to `1.1.0` is a valid upgrade path\n- `0.3.0` to `2.0.0` is NOT a valid upgrade path\n\n### Upgrading to version \u003e= 3.2.0 of the Clickhouse Terraform Provider\n\nIn version 3.2.0, we introduced a change to the `Private Endpoints` feature that requires an update on your end. If you are using the `clickhouse_private_endpoint_registration` resource, this affects you. Please visit [https://github.com/ClickHouse/terraform-provider-clickhouse#breaking-changes-and-deprecations](https://github.com/ClickHouse/terraform-provider-clickhouse#breaking-changes-and-deprecations) for more details.\n\n### Upgrading to version \u003e= 3.0.0 of the Clickhouse Terraform Provider\n\nIn version 3.0.0 we revisited how to deal with `clickhouse_service` endpoints.\nIf you are using the `endpoint_config` attribute or the `endpoints` read only attribute, this breaking change affects you.\nPlease visit [https://github.com/ClickHouse/terraform-provider-clickhouse#breaking-changes-and-deprecations](https://github.com/ClickHouse/terraform-provider-clickhouse#breaking-changes-and-deprecations) for more details.\n\n### Upgrading to version \u003e= 1.0.0 of the Clickhouse Terraform Provider\n\nIf you are upgrading from version \u003c 1.0.0 to anything \u003e= 1.0.0 and you are using the `clickhouse_private_endpoint_registration` resource or the `private_endpoint_ids` attribute of the `clickhouse_service` resource,\nthen a manual process is required after the upgrade. Please visit [https://github.com/ClickHouse/terraform-provider-clickhouse#breaking-changes-and-deprecations](https://github.com/ClickHouse/terraform-provider-clickhouse#breaking-changes-and-deprecations) for more details.\n","description_kind":"markdown"}},"resource_schemas":{"clickhouse_organization_settings":{"version":0,"block":{"attributes":{"core_dumps_enabled":{"type":"bool","description":"Whether core dumps collection is enabled for services in the organization. Defaults to the organization's current setting if not specified.","description_kind":"plain","optional":true,"computed":true},"id":{"type":"string","description":"ID of the organization. This is set automatically from the provider configuration.","description_kind":"plain","computed":true}},"description":"You can use the *clickhouse_organization_settings* resource to manage organization-level settings in ClickHouse Cloud.\n\n~\u003e **Note:** This resource manages settings for the organization configured in the provider. Only one instance of this resource should exist per organization.\n\n## Example Usage\n\n```hcl\nresource \"clickhouse_organization_settings\" \"org_settings\" {\n  core_dumps_enabled = true\n}\n```\n","description_kind":"markdown"}},"clickhouse_private_endpoint_registration":{"version":1,"block":{"attributes":{"cloud_provider":{"type":"string","description":"Cloud provider of the private endpoint ID","description_kind":"plain","required":true},"description":{"type":"string","description":"Description of the private endpoint","description_kind":"plain","optional":true},"private_endpoint_id":{"type":"string","description":"ID of the private endpoint (replaces deprecated attribute `id`)","description_kind":"plain","required":true},"region":{"type":"string","description":"Region of the private endpoint","description_kind":"plain","required":true}},"description":"This resource is deprecated since version 3.2.0. Please refer to [the docs](https://github.com/ClickHouse/terraform-provider-clickhouse?tab=readme-ov-file#breaking-changes-and-deprecations) for migration steps.","description_kind":"markdown","deprecated":true}},"clickhouse_service":{"version":1,"block":{"attributes":{"backup_configuration":{"nested_type":{"attributes":{"backup_period_in_hours":{"type":"number","description":"Interval in hours between each backup.","description_kind":"plain","optional":true,"computed":true},"backup_retention_period_in_hours":{"type":"number","description":"How long in hours to keep a backup before deleting it.","description_kind":"plain","optional":true,"computed":true},"backup_start_time":{"type":"string","description":"Time of the day in UTC that indicates the start time of a 2 hours window to be used for backup. If set, backup_period_in_hours must be null and backups are created once a day.","description_kind":"plain","optional":true}},"nesting_mode":"single"},"description":"Configuration of service backup settings.","description_kind":"plain","optional":true,"computed":true},"backup_id":{"type":"string","description":"ID of the backup to restore when creating new service. If specified, the service will be created as a restore operation","description_kind":"plain","optional":true},"byoc_id":{"type":"string","description":"BYOC ID related to the cloud provider account you want to create this service into.","description_kind":"plain","optional":true},"cloud_provider":{"type":"string","description":"Cloud provider ('aws', 'gcp', or 'azure') in which the service is deployed in.","description_kind":"plain","required":true},"compliance_type":{"type":"string","description":"Compliance type of the service. Can be 'hipaa', 'pci'. Required for organizations that wish to deploy their services in the hipaa/pci compliant environment. NOTE: hipaa/pci compliance should be enabled for your ClickHouse organization before using this field.","description_kind":"plain","optional":true},"double_sha1_password_hash":{"type":"string","description":"Double SHA1 hash of password for connecting with the MySQL protocol. Cannot be specified if `password` or `password_wo` is specified.","description_kind":"plain","optional":true,"sensitive":true},"enable_core_dumps":{"type":"bool","description":"Enable core dumps for the service.","description_kind":"plain","optional":true,"computed":true},"encryption_assumed_role_identifier":{"type":"string","description":"Custom role identifier ARN.","description_kind":"plain","optional":true},"encryption_key":{"type":"string","description":"Custom encryption key ARN.","description_kind":"plain","optional":true,"computed":true},"endpoints":{"nested_type":{"attributes":{"https":{"nested_type":{"attributes":{"host":{"type":"string","description":"Endpoint host.","description_kind":"plain","computed":true},"port":{"type":"number","description":"Endpoint port.","description_kind":"plain","computed":true}},"nesting_mode":"single"},"description_kind":"plain","optional":true,"computed":true},"mysql":{"nested_type":{"attributes":{"enabled":{"type":"bool","description":"Wether to enable the mysql endpoint or not.","description_kind":"plain","required":true},"host":{"type":"string","description":"Endpoint host.","description_kind":"plain","computed":true},"port":{"type":"number","description":"Endpoint port.","description_kind":"plain","computed":true}},"nesting_mode":"single"},"description_kind":"plain","optional":true},"nativesecure":{"nested_type":{"attributes":{"host":{"type":"string","description":"Endpoint host.","description_kind":"plain","computed":true},"port":{"type":"number","description":"Endpoint port.","description_kind":"plain","computed":true}},"nesting_mode":"single"},"description_kind":"plain","optional":true,"computed":true}},"nesting_mode":"single"},"description":"Allow to enable and configure additional endpoints (read protocols) to expose on the ClickHouse service.","description_kind":"plain","optional":true,"computed":true},"iam_role":{"type":"string","description":"IAM role used for accessing objects in s3.","description_kind":"plain","computed":true},"id":{"type":"string","description":"ID of the created service. Generated by ClickHouse Cloud.","description_kind":"plain","computed":true},"idle_scaling":{"type":"bool","description":"When set to true the service is allowed to scale down to zero when idle.","description_kind":"plain","optional":true,"computed":true},"idle_timeout_minutes":{"type":"number","description":"Set minimum idling timeout (in minutes). Must be greater than or equal to 5 minutes. Must be set if idle_scaling is enabled.","description_kind":"plain","optional":true,"computed":true},"ip_access":{"nested_type":{"attributes":{"description":{"type":"string","description":"Description of the IP address.","description_kind":"plain","required":true},"source":{"type":"string","description":"IP address allowed to access the service. In case you want to set the ip_access to anywhere you should set source to 0.0.0.0/0","description_kind":"plain","required":true}},"nesting_mode":"list"},"description":"List of IP addresses allowed to access the service.","description_kind":"plain","required":true},"is_primary":{"type":"bool","description":"If true, it indicates this is a primary service using its own data. If false it means this service is a secondary service, thus using data from a warehouse.","description_kind":"plain","computed":true},"max_replica_memory_gb":{"type":"number","description":"Maximum memory of a single replica during auto-scaling in GiB.","description_kind":"plain","optional":true,"computed":true},"max_total_memory_gb":{"type":"number","description":"Maximum total memory of all workers during auto-scaling in GiB.","description_kind":"plain","deprecated":true,"optional":true},"min_replica_memory_gb":{"type":"number","description":"Minimum memory of a single replica during auto-scaling in GiB.","description_kind":"plain","optional":true,"computed":true},"min_total_memory_gb":{"type":"number","description":"Minimum total memory of all workers during auto-scaling in GiB.","description_kind":"plain","deprecated":true,"optional":true},"name":{"type":"string","description":"User defined identifier for the service.","description_kind":"plain","required":true},"num_replicas":{"type":"number","description":"Number of replicas for the service.","description_kind":"plain","optional":true,"computed":true},"password":{"type":"string","description":"Password for the default user. One of either `password`, `password_wo`, or `password_hash` must be specified.","description_kind":"plain","optional":true,"sensitive":true},"password_hash":{"type":"string","description":"SHA256 hash of password for the default user. One of either `password`, `password_wo`, or `password_hash` must be specified.","description_kind":"plain","optional":true,"sensitive":true},"password_wo":{"type":"string","description":"Password for the default user (write-only, not persisted to state). Use this instead of `password` to avoid storing the password hash in Terraform state.","description_kind":"plain","optional":true,"sensitive":true},"password_wo_version":{"type":"number","description":"Version number for password_wo. Increment this to trigger a password update when using password_wo.","description_kind":"plain","optional":true},"private_endpoint_config":{"nested_type":{"attributes":{"endpoint_service_id":{"type":"string","description":"Unique identifier of the interface endpoint you created in your VPC with the AWS(Service Name) or GCP(Target Service) resource.","description_kind":"plain","computed":true},"private_dns_hostname":{"type":"string","description":"Private DNS Hostname of the VPC you created.","description_kind":"plain","computed":true}},"nesting_mode":"single"},"description":"Service config for private endpoints","description_kind":"plain","computed":true},"query_api_endpoints":{"nested_type":{"attributes":{"allowed_origins":{"type":"string","description":"Comma separated list of domain names to be allowed cross-origin resource sharing (CORS) access to the query API. Leave this field empty to restrict access to backend servers only","description_kind":"plain","optional":true},"api_key_ids":{"type":["list","string"],"description":"The UUIDs of the API Keys to grant access to the query API.","description_kind":"plain","required":true},"roles":{"type":["list","string"],"description":"The Database role that will be used to run the query.","description_kind":"plain","required":true}},"nesting_mode":"single"},"description":"Configuration of the query API endpoints feature.","description_kind":"plain","optional":true},"readonly":{"type":"bool","description":"Indicates if this service should be read only. Only allowed for secondary services, those which share data with another service (i.e. when `warehouse_id` field is set).","description_kind":"plain","optional":true,"computed":true},"region":{"type":"string","description":"Region within the cloud provider in which the service is deployed in.","description_kind":"plain","required":true},"release_channel":{"type":"string","description":"Release channel to use for this service. Can be 'default', 'fast' or 'slow'.","description_kind":"plain","optional":true,"computed":true},"tags":{"type":["map","string"],"description":"Tags associated with the service as key-value pairs.","description_kind":"plain","optional":true},"tier":{"type":"string","description":"Tier of the service: 'development', 'production'. Required for organizations using the Legacy ClickHouse Cloud Tiers, must be omitted for organizations using the new ClickHouse Cloud Tiers.","description_kind":"plain","optional":true},"transparent_data_encryption":{"nested_type":{"attributes":{"enabled":{"type":"bool","description":"If true, TDE is enabled for the service.","description_kind":"plain","optional":true,"computed":true},"role_id":{"type":"string","description":"ID of Role to be used for granting access to the Encryption Key. This is an ARN for AWS services and a Service Account Identifier for GCP.","description_kind":"plain","computed":true}},"nesting_mode":"single"},"description":"Configuration of the Transparent Data Encryption (TDE) feature. Requires an organization with the Enterprise plan.","description_kind":"plain","optional":true,"computed":true},"warehouse_id":{"type":"string","description":"Set it to the 'warehouse_id' attribute of another service to share the data with it. The service must be in the same cloud and region.","description_kind":"plain","optional":true,"computed":true}},"description":"You can use the *clickhouse_service* resource to deploy ClickHouse cloud instances on supported cloud providers.\n\nKnown limitations:\n\n- If you create a service with `warehouse_id` set and then remove `warehouse_id` attribute completely, the provider won't detect the change. If you want to make a secondary service become primary, remove the `warehouse_id` and taint it before applying.\n- If you create a service with `readonly` flag set to true and then remove `readonly` flag completely, the provider won't detect the change. If you want to make a secondary service read write, explicitly set the `readonly` flag to false.\n","description_kind":"markdown"}},"clickhouse_service_private_endpoints_attachment":{"version":0,"block":{"attributes":{"private_endpoint_ids":{"type":["list","string"],"description":"List of private endpoint IDs","description_kind":"plain","optional":true,"computed":true},"service_id":{"type":"string","description":"ClickHouse Service ID","description_kind":"plain","optional":true}},"description":"Use the *clickhouse_service_private_endpoints_attachment* resource to attach a ClickHouse *service* to a *Private Endpoint*.\nImportant: Please note that if you want to attach the same ClickHouse *service* to multiple *Private Endpoints* you have to specify all the *Private Endpoint IDs* in a single *clickhouse_service_private_endpoints_attachment* resource.\nHaving multiple *clickhouse_service_private_endpoints_attachment* resources for the same service is unsupported and the outcome is unpredictable.\n\nSee [private_endpoint_registration](https://registry.terraform.io/providers/ClickHouse/clickhouse/latest/docs/resources/private_endpoint_registration) for how to create a *private endpoint*.\n\nSee [full example](https://github.com/ClickHouse/terraform-provider-clickhouse/tree/main/examples/full/private_endpoint) on GitHub.\n","description_kind":"markdown"}},"clickhouse_service_transparent_data_encryption_key_association":{"version":0,"block":{"attributes":{"key_id":{"type":"string","description":"ID of the Encryption key to use for data encryption. Must be an ARN for AWS services or a Key Resource Path for GCP services.","description_kind":"plain","required":true},"service_id":{"type":"string","description":"ClickHouse Service ID","description_kind":"plain","required":true}},"description":"You can use the *clickhouse_service_transparent_data_encryption_key_association* resource to associate your own Encryption Key with a Clickhouse Service with the Transparent Data Encryption (TDE) feature enabled.\nPlease note that this feature requires an organization with the `Enterprise` plan.\n","description_kind":"markdown"}}},"data_source_schemas":{"clickhouse_api_key_id":{"version":0,"block":{"attributes":{"id":{"type":"string","description":"The ID of the API key used by the provider to connect to the service. This is a read-only attribute.","description_kind":"plain","computed":true},"name":{"type":"string","description":"The name of the API key to retrieve information about. If left empty, the API key used by the Terraform provider is used instead.","description_kind":"plain","optional":true,"computed":true}},"description":"The *clickhouse_api_key_id* data source can be used to retrieve the UUID of a ClickHouse cloud API key.\nIt is meant to be used in the *clickhouse_service* resource to set the `query_api_endpoints` attribute.\n\nIt can be used in two ways:\n\n1) To retrieve information about an API Key, by providing its name\n2) To retrieve information about the API Key currently configured for running the terraform provider\n\nIn both cases the data source will contain the `id` and `name` attributes.\n","description_kind":"markdown"}},"clickhouse_private_endpoint_config":{"version":0,"block":{"attributes":{"cloud_provider":{"type":"string","description":"The cloud provider for the private endpoint. Valid values are 'aws', 'gcp', or 'azure'.","description_kind":"plain","required":true},"endpoint_service_id":{"type":"string","description":"The ID of the private endpoint that is used to securely connect to ClickHouse. This is a read-only attribute.","description_kind":"plain","computed":true},"region":{"type":"string","description":"The region for the private endpoint. Valid values are specific to the cloud provider i.e. us-east-2","description_kind":"plain","required":true}},"description_kind":"plain","deprecated":true}},"clickhouse_role":{"version":0,"block":{"attributes":{"actors":{"type":["list","string"],"description":"List of actors assigned to this role.","description_kind":"plain","computed":true},"created_at":{"type":"string","description":"Timestamp when the role was created.","description_kind":"plain","computed":true},"id":{"type":"string","description":"Unique identifier of the role. Exactly one of id or name must be set.","description_kind":"plain","optional":true,"computed":true},"name":{"type":"string","description":"Name of the role to look up. Exactly one of id or name must be set.","description_kind":"plain","optional":true,"computed":true},"owner_id":{"type":"string","description":"Owner ID of this role.","description_kind":"plain","computed":true},"policies":{"nested_type":{"attributes":{"effect":{"type":"string","description":"Whether this policy allows or denies the specified permissions.","description_kind":"plain","computed":true},"id":{"type":"string","description":"Server-assigned policy ID.","description_kind":"plain","computed":true},"permissions":{"type":["set","string"],"description":"List of permission strings.","description_kind":"plain","computed":true},"resources":{"type":["set","string"],"description":"List of resources this policy applies to.","description_kind":"plain","computed":true},"role_id":{"type":"string","description":"ID of the role this policy belongs to.","description_kind":"plain","computed":true},"tags":{"nested_type":{"attributes":{"role":{"type":"string","description":"SQL console role level for passwordless DB access. One of: sql-console-admin (full access), sql-console-readonly (read-only).","description_kind":"plain","computed":true}},"nesting_mode":"single"},"description":"Optional tags for additional policy metadata.","description_kind":"plain","computed":true},"tenant_id":{"type":"string","description":"Tenant ID that owns this policy.","description_kind":"plain","computed":true}},"nesting_mode":"list"},"description":"List of policies attached to this role.","description_kind":"plain","computed":true},"tenant_id":{"type":"string","description":"Tenant ID that owns this role.","description_kind":"plain","computed":true},"type":{"type":"string","description":"Type of the role: 'system' or 'custom'.","description_kind":"plain","computed":true},"updated_at":{"type":"string","description":"Timestamp when the role was last updated.","description_kind":"plain","computed":true}},"description":"Use this data source to look up a single RBAC role by ID or name. Exactly one of `id` or `name` must be set.\n\n## Example Usage\n\n```hcl\n# Look up a system role by name\ndata \"clickhouse_role\" \"admin\" {\n  name = \"Admin\"\n}\n\n# Look up a custom role by ID\ndata \"clickhouse_role\" \"custom\" {\n  id = \"47f0b035-d6ca-4600-8c69-9955551857e5\"\n}\n```\n","description_kind":"markdown"}},"clickhouse_roles":{"version":0,"block":{"attributes":{"roles":{"nested_type":{"attributes":{"actors":{"type":["list","string"],"description":"List of actors assigned to this role.","description_kind":"plain","computed":true},"created_at":{"type":"string","description":"Timestamp when the role was created.","description_kind":"plain","computed":true},"id":{"type":"string","description":"Unique identifier for the role.","description_kind":"plain","computed":true},"name":{"type":"string","description":"Name of the role.","description_kind":"plain","computed":true},"owner_id":{"type":"string","description":"Owner ID of this role.","description_kind":"plain","computed":true},"policies":{"nested_type":{"attributes":{"effect":{"type":"string","description":"Whether this policy allows or denies the specified permissions.","description_kind":"plain","computed":true},"id":{"type":"string","description":"Server-assigned policy ID.","description_kind":"plain","computed":true},"permissions":{"type":["set","string"],"description":"List of permission strings.","description_kind":"plain","computed":true},"resources":{"type":["set","string"],"description":"List of resources this policy applies to.","description_kind":"plain","computed":true},"role_id":{"type":"string","description":"ID of the role this policy belongs to.","description_kind":"plain","computed":true},"tags":{"nested_type":{"attributes":{"role":{"type":"string","description":"SQL console role level for passwordless DB access. One of: sql-console-admin (full access), sql-console-readonly (read-only).","description_kind":"plain","computed":true}},"nesting_mode":"single"},"description":"Optional tags for additional policy metadata.","description_kind":"plain","computed":true},"tenant_id":{"type":"string","description":"Tenant ID that owns this policy.","description_kind":"plain","computed":true}},"nesting_mode":"list"},"description":"List of policies attached to this role.","description_kind":"plain","computed":true},"tenant_id":{"type":"string","description":"Tenant ID that owns this role.","description_kind":"plain","computed":true},"type":{"type":"string","description":"Type of the role: 'system' or 'custom'.","description_kind":"plain","computed":true},"updated_at":{"type":"string","description":"Timestamp when the role was last updated.","description_kind":"plain","computed":true}},"nesting_mode":"list"},"description":"List of all roles in the organization.","description_kind":"plain","computed":true}},"description":"Use this data source to list all RBAC roles (both system and custom) in your ClickHouse Cloud organization.\n\n## Example Usage\n\n```hcl\ndata \"clickhouse_roles\" \"all\" {}\n\nlocals {\n  admin_role_id = [for r in data.clickhouse_roles.all.roles : r.id if r.name == \"Admin\"][0]\n}\n```\n","description_kind":"markdown"}},"clickhouse_user":{"version":0,"block":{"attributes":{"assigned_roles":{"nested_type":{"attributes":{"id":{"type":"string","description":"The ID of the assigned role.","description_kind":"plain","computed":true},"name":{"type":"string","description":"The name of the assigned role.","description_kind":"plain","computed":true},"type":{"type":"string","description":"The type of the assigned role (system or custom).","description_kind":"plain","computed":true}},"nesting_mode":"list"},"description":"Roles assigned to the user.","description_kind":"plain","computed":true},"email":{"type":"string","description":"Email address of the user. Exactly one of id or email must be set.","description_kind":"plain","optional":true,"computed":true},"id":{"type":"string","description":"User ID. Exactly one of id or email must be set.","description_kind":"plain","optional":true,"computed":true},"joined_at":{"type":"string","description":"Timestamp when the user joined the organization.","description_kind":"plain","computed":true},"name":{"type":"string","description":"Display name of the user.","description_kind":"plain","computed":true}},"description":"Use this data source to look up an organization member by email or user ID. Exactly one of `email` or `id` must be set.\n\n## Example Usage\n\n```hcl\ndata \"clickhouse_user\" \"alice\" {\n  email = \"alice@example.com\"\n}\n\ndata \"clickhouse_role\" \"member\" {\n  name = \"Member\"\n}\n\nresource \"clickhouse_role_assignment\" \"alice_member\" {\n  role_id  = data.clickhouse_role.member.id\n  user_ids = [data.clickhouse_user.alice.id]\n}\n```\n","description_kind":"markdown"}}}}}}
