{"format_version":"1.0","provider_schemas":{"registry.terraform.io/clickhouse/clickhouse":{"provider":{"version":0,"block":{"attributes":{"api_url":{"type":"string","description":"API URL of the ClickHouse OpenAPI the provider will interact with. Alternatively, can be configured using the `CLICKHOUSE_API_URL` environment variable. Only specify if you have a specific deployment of the ClickHouse OpenAPI you want to run against.","description_kind":"plain","optional":true},"organization_id":{"type":"string","description":"ID of the organization the provider will create services under. Alternatively, can be configured using the `CLICKHOUSE_ORG_ID` environment variable.","description_kind":"plain","optional":true},"timeout_seconds":{"type":"number","description":"Timeout in seconds for the HTTP client.","description_kind":"plain","optional":true},"token_key":{"type":"string","description":"Token key of the key/secret pair. Used to authenticate with OpenAPI. Alternatively, can be configured using the `CLICKHOUSE_CLOUD_API_KEY` environment variable.","description_kind":"plain","optional":true},"token_secret":{"type":"string","description":"Token secret of the key/secret pair. Used to authenticate with OpenAPI. Alternatively, can be configured using the `CLICKHOUSE_CLOUD_API_SECRET` environment variable.","description_kind":"plain","optional":true,"sensitive":true}},"description":"# This is the official provider for ClickHouse Cloud.\n\nWith this provider you can deploy a ClickHouse instance on AWS, Google Cloud or Azure Cloud.\n\nTo use this provider, you need to [Sign In](https://clickhouse.cloud/signIn) for a ClickHouse Cloud account and generate an [API key](https://clickhouse.com/docs/en/cloud/manage/openapi).\n\nYou can find more example on how to use this provider on [Github](https://github.com/ClickHouse/terraform-provider-clickhouse/tree/main/examples/full).\n\nVisit [https://clickhouse.com/docs/en/cloud-quick-start](https://clickhouse.com/docs/en/cloud-quick-start) now to get started using ClickHouse Cloud.\n\n## Breaking changes\n\nNote: we only provide upgrade path from consecutive major releases of our terraform provider.\nIf you are upgrading, please be sure to not skip any major release while you do so.\n\nFor example:\n\n- `0.3.0` to `1.0.0` is a valid upgrade path\n- `0.3.0` to `1.1.0` is a valid upgrade path\n- `0.3.0` to `2.0.0` is NOT a valid upgrade path\n\n### Upgrading to version \u003e= 3.2.0 of the Clickhouse Terraform Provider\n\nIn version 3.2.0, we introduced a change to the `Private Endpoints` feature that requires an update on your end. If you are using the `clickhouse_private_endpoint_registration` resource, this affects you. Please visit [https://github.com/ClickHouse/terraform-provider-clickhouse#breaking-changes-and-deprecations](https://github.com/ClickHouse/terraform-provider-clickhouse#breaking-changes-and-deprecations) for more details.\n\n### Upgrading to version \u003e= 3.0.0 of the Clickhouse Terraform Provider\n\nIn version 3.0.0 we revisited how to deal with `clickhouse_service` endpoints.\nIf you are using the `endpoint_config` attribute or the `endpoints` read only attribute, this breaking change affects you.\nPlease visit [https://github.com/ClickHouse/terraform-provider-clickhouse#breaking-changes-and-deprecations](https://github.com/ClickHouse/terraform-provider-clickhouse#breaking-changes-and-deprecations) for more details.\n\n### Upgrading to version \u003e= 1.0.0 of the Clickhouse Terraform Provider\n\nIf you are upgrading from version \u003c 1.0.0 to anything \u003e= 1.0.0 and you are using the `clickhouse_private_endpoint_registration` resource or the `private_endpoint_ids` attribute of the `clickhouse_service` resource,\nthen a manual process is required after the upgrade. Please visit [https://github.com/ClickHouse/terraform-provider-clickhouse#breaking-changes-and-deprecations](https://github.com/ClickHouse/terraform-provider-clickhouse#breaking-changes-and-deprecations) for more details.\n","description_kind":"markdown"}},"resource_schemas":{"clickhouse_clickpipe":{"version":0,"block":{"attributes":{"destination":{"nested_type":{"attributes":{"columns":{"nested_type":{"attributes":{"name":{"type":"string","description":"The name of the column.","description_kind":"plain","required":true},"type":{"type":"string","description":"The type of the column.","description_kind":"plain","required":true}},"nesting_mode":"list"},"description":"The list of columns for the ClickHouse table. Required for all sources except Postgres CDC (where columns are determined from source tables).","description_kind":"markdown","optional":true},"database":{"type":"string","description":"The name of the ClickHouse database. Default is `default`.","description_kind":"markdown","optional":true,"computed":true},"managed_table":{"type":"bool","description":"Whether the table is managed by ClickHouse Cloud. If `false`, the table must exist in the database. Default is `true`. **Not applicable to database/CDC pipes** (Postgres, MySQL, BigQuery, MongoDB): for those sources destination tables are always managed per-table via `table_mappings`, so this field is ignored and not sent to the API.","description_kind":"markdown","optional":true,"computed":true},"roles":{"type":["list","string"],"description":"ClickPipe will create a ClickHouse user with these roles. Add your custom roles here if required.","description_kind":"markdown","optional":true},"table":{"type":"string","description":"The name of the ClickHouse table. Required for all sources except Postgres CDC (where tables are created from table_mappings).","description_kind":"markdown","optional":true},"table_definition":{"nested_type":{"attributes":{"engine":{"nested_type":{"attributes":{"column_ids":{"type":["list","string"],"description":"Column IDs to sum for SummingMergeTree engine. Required when engine type is `SummingMergeTree`.","description_kind":"markdown","optional":true},"type":{"type":"string","description":"The type of the engine. Supported engines: `MergeTree`, `ReplacingMergeTree`, `SummingMergeTree`, `Null`.","description_kind":"markdown","required":true},"version_column_id":{"type":"string","description":"Column ID to use as version for ReplacingMergeTree engine. Required when engine type is `ReplacingMergeTree`.","description_kind":"markdown","optional":true}},"nesting_mode":"single"},"description":"The engine of the ClickHouse table.","description_kind":"markdown","required":true},"partition_by":{"type":"string","description":"The column to partition the table by.","description_kind":"markdown","optional":true},"primary_key":{"type":"string","description":"The primary key of the table.","description_kind":"markdown","optional":true},"sorting_key":{"type":["list","string"],"description":"The list of columns for the sorting key.","description_kind":"markdown","optional":true,"computed":true}},"nesting_mode":"single"},"description":"Definition of the destination table. Required for ClickPipes managed tables. **Not supported for database/CDC pipes** (Postgres, MySQL, BigQuery, MongoDB): for those sources destination tables are defined per-table via `table_mappings` (each mapping's `target_table`, `table_engine`, `sorting_keys`, etc.), so configuring this is rejected at plan time.","description_kind":"markdown","optional":true}},"nesting_mode":"single"},"description":"The destination for the ClickPipe.","description_kind":"plain","required":true},"field_mappings":{"nested_type":{"attributes":{"destination_field":{"type":"string","description":"The name of the column in destination table.","description_kind":"plain","required":true},"source_field":{"type":"string","description":"The name of the source field.","description_kind":"plain","required":true}},"nesting_mode":"list"},"description":"Field mapping between source and destination table.","description_kind":"plain","optional":true},"id":{"type":"string","description":"The ID of the ClickPipe. Generated by the ClickHouse Cloud.","description_kind":"plain","computed":true},"name":{"type":"string","description":"The name of the ClickPipe.","description_kind":"plain","required":true},"scaling":{"nested_type":{"attributes":{"replica_cpu_millicores":{"type":"number","description":"The CPU allocation per replica in millicores. Must be between 125 and 2000.","description_kind":"plain","optional":true,"computed":true},"replica_memory_gb":{"type":"number","description":"The memory allocation per replica in GB. Must be between 0.5 and 8.0.","description_kind":"plain","optional":true,"computed":true},"replicas":{"type":"number","description":"The number of desired replicas for the ClickPipe. Default is 1. The maximum value is 10.","description_kind":"plain","optional":true,"computed":true}},"nesting_mode":"single"},"description_kind":"plain","optional":true},"service_id":{"type":"string","description":"The ID of the service to which the ClickPipe belongs.","description_kind":"plain","required":true},"settings":{"type":"dynamic","description":"Advanced configuration options for the ClickPipe. These settings are specific to each pipe. For the complete list of available options, see the OpenAPI documentation at https://clickhouse.com/docs/cloud/manage/api/swagger (search for the ClickPipes settings endpoint).","description_kind":"plain","optional":true},"source":{"nested_type":{"attributes":{"bigquery":{"nested_type":{"attributes":{"credentials":{"nested_type":{"attributes":{"service_account_file":{"type":"string","description":"Google Cloud service account JSON key file content, base64 encoded.","description_kind":"plain","required":true,"sensitive":true}},"nesting_mode":"single"},"description":"The credentials for BigQuery access.","description_kind":"markdown","required":true,"sensitive":true},"settings":{"nested_type":{"attributes":{"allow_nullable_columns":{"type":"bool","description":"Allow nullable columns in the destination table.","description_kind":"plain","optional":true,"computed":true},"initial_load_parallelism":{"type":"number","description":"Number of parallel workers during initial load.","description_kind":"plain","optional":true,"computed":true},"replication_mode":{"type":"string","description":"Replication mode for the BigQuery pipe. (`snapshot`)","description_kind":"markdown","required":true},"snapshot_num_rows_per_partition":{"type":"number","description":"Number of rows to snapshot per partition.","description_kind":"plain","optional":true,"computed":true},"snapshot_number_of_parallel_tables":{"type":"number","description":"Number of parallel tables to snapshot.","description_kind":"plain","optional":true,"computed":true}},"nesting_mode":"single"},"description":"Settings for the BigQuery pipe.","description_kind":"markdown","required":true},"snapshot_staging_path":{"type":"string","description":"GCS bucket path for staging snapshot data (e.g., gs://my-bucket/staging/). Data will be automatically cleaned up after initial load.","description_kind":"plain","required":true},"table_mappings":{"nested_type":{"attributes":{"excluded_columns":{"type":["set","string"],"description":"Columns to exclude from replication.","description_kind":"plain","optional":true,"computed":true},"sorting_keys":{"type":["list","string"],"description":"Ordered list of columns to use as sorting key for the target table. Required when use_custom_sorting_key is true.","description_kind":"plain","optional":true,"computed":true},"source_dataset_name":{"type":"string","description":"Source BigQuery dataset name.","description_kind":"plain","required":true},"source_table":{"type":"string","description":"Source table name in BigQuery.","description_kind":"plain","required":true},"table_engine":{"type":"string","description":"Table engine to use for the target table. (`MergeTree`, `ReplacingMergeTree`, `Null`)","description_kind":"markdown","optional":true,"computed":true},"target_table":{"type":"string","description":"Target table name in ClickHouse.","description_kind":"plain","required":true},"use_custom_sorting_key":{"type":"bool","description":"Whether to use a custom sorting key for the target table.","description_kind":"plain","optional":true,"computed":true}},"nesting_mode":"list"},"description":"Table mappings from BigQuery source to ClickHouse destination.","description_kind":"plain","required":true}},"nesting_mode":"single"},"description":"The BigQuery source configuration for the ClickPipe.","description_kind":"markdown","optional":true},"kafka":{"nested_type":{"attributes":{"authentication":{"type":"string","description":"The authentication method for the Kafka source. (`PLAIN`, `SCRAM-SHA-256`, `SCRAM-SHA-512`, `IAM_ROLE`, `IAM_USER`, `MUTUAL_TLS`). Default is `PLAIN`.","description_kind":"markdown","optional":true,"computed":true},"brokers":{"type":"string","description":"The list of Kafka bootstrap brokers. (comma separated)","description_kind":"plain","required":true},"ca_certificate":{"type":"string","description":"PEM encoded CA certificates to validate the broker's certificate.","description_kind":"markdown","optional":true},"consumer_group":{"type":"string","description":"Consumer group of the Kafka source. If not provided `clickpipes-\u003cID\u003e` will be used.","description_kind":"markdown","optional":true,"computed":true},"credentials":{"nested_type":{"attributes":{"access_key_id":{"type":"string","description":"The access key ID for the Kafka source. Use with `IAM_USER` authentication.","description_kind":"plain","optional":true,"sensitive":true},"certificate":{"type":"string","description":"PEM encoded client certificate for mTLS authentication. Use with `MUTUAL_TLS` authentication.","description_kind":"plain","optional":true,"sensitive":true},"connection_string":{"type":"string","description":"The connection string for the Kafka source. Use with `azureeventhub` Kafka source type. Use with `PLAIN` authentication.","description_kind":"plain","optional":true,"sensitive":true},"password":{"type":"string","description":"The password for the Kafka source. Use `password_wo` instead to keep the value out of state.","description_kind":"plain","optional":true,"sensitive":true},"password_wo":{"type":"string","description":"Write-only password for the Kafka source. Not persisted to state. Pair with `password_wo_version` to trigger updates.","description_kind":"plain","optional":true,"sensitive":true},"password_wo_version":{"type":"number","description":"Version trigger for `password_wo`. Increment to push a new password to the API.","description_kind":"plain","optional":true},"private_key":{"type":"string","description":"PEM encoded client private key for mTLS authentication. Use with `MUTUAL_TLS` authentication.","description_kind":"plain","optional":true,"sensitive":true},"secret_key":{"type":"string","description":"The secret key for the Kafka source. Use with `IAM_USER` authentication.","description_kind":"plain","optional":true,"sensitive":true},"username":{"type":"string","description":"The username for the Kafka source.","description_kind":"plain","optional":true,"sensitive":true}},"nesting_mode":"single"},"description":"The credentials for the Kafka source.","description_kind":"markdown","optional":true},"exactly_once":{"type":"bool","description":"Enable exactly-once delivery. Guarantees every Kafka record is inserted exactly once across restarts and rebalances.","description_kind":"markdown","optional":true},"format":{"type":"string","description":"The format of the Kafka source. (`JSONEachRow`, `Avro`, `AvroConfluent`, `Protobuf`)","description_kind":"markdown","required":true},"iam_role":{"type":"string","description":"The IAM role for the Kafka source. Use with `IAM_ROLE` authentication. It can be used with AWS ClickHouse service only. Read more at https://clickhouse.com/docs/en/integrations/clickpipes/kafka#iam","description_kind":"markdown","optional":true},"offset":{"nested_type":{"attributes":{"strategy":{"type":"string","description":"The offset strategy for the Kafka source. (`from_beginning`, `from_latest`, `from_timestamp`)","description_kind":"markdown","required":true},"timestamp":{"type":"string","description":"The timestamp for the Kafka offset. Use with `from_timestamp` offset strategy. (format `2021-01-01T00:00`)","description_kind":"markdown","optional":true}},"nesting_mode":"single"},"description":"The Kafka offset.","description_kind":"markdown","optional":true},"reverse_private_endpoint_ids":{"type":["list","string"],"description":"The list of reverse private endpoint IDs for the Kafka source. (comma separated)","description_kind":"markdown","optional":true},"schema_registry":{"nested_type":{"attributes":{"authentication":{"type":"string","description":"The authentication method for the Schema Registry. Only supported is `PLAIN`.","description_kind":"plain","required":true},"credentials":{"nested_type":{"attributes":{"password":{"type":"string","description":"The password for the Schema Registry. Either `password` or `password_wo` must be provided.","description_kind":"plain","optional":true,"sensitive":true},"password_wo":{"type":"string","description":"Write-only password for the Schema Registry. Not persisted to state. Pair with `password_wo_version` to trigger updates.","description_kind":"plain","optional":true,"sensitive":true},"password_wo_version":{"type":"number","description":"Version trigger for `password_wo`. Increment to push a new password to the API.","description_kind":"plain","optional":true},"username":{"type":"string","description":"The username for the Schema Registry.","description_kind":"plain","required":true,"sensitive":true}},"nesting_mode":"single"},"description":"The credentials for the Schema Registry.","description_kind":"markdown","required":true,"sensitive":true},"url":{"type":"string","description":"The URL of the schema registry.","description_kind":"plain","required":true}},"nesting_mode":"single"},"description":"The schema registry for the Kafka source.","description_kind":"markdown","optional":true},"topics":{"type":"string","description":"The list of Kafka topics. (comma separated)","description_kind":"plain","required":true},"type":{"type":"string","description":"The type of the Kafka source. (`kafka`, `redpanda`, `confluent`, `msk`, `warpstream`, `azureeventhub`, `gcmk`). Default is `kafka`.","description_kind":"markdown","optional":true,"computed":true}},"nesting_mode":"single"},"description":"The Kafka source configuration for the ClickPipe.","description_kind":"markdown","optional":true},"kinesis":{"nested_type":{"attributes":{"access_key":{"nested_type":{"attributes":{"access_key_id":{"type":"string","description":"The access key ID for the Kinesis source.","description_kind":"plain","required":true,"sensitive":true},"secret_key":{"type":"string","description":"The secret key for the Kinesis source.","description_kind":"plain","required":true,"sensitive":true}},"nesting_mode":"single"},"description":"The access key for the Kinesis source. Use with `IAM_USER` authentication. Can be rotated in place via an update.","description_kind":"markdown","optional":true},"authentication":{"type":"string","description":"The authentication method for the Kinesis source. (`IAM_ROLE`, `IAM_USER`).","description_kind":"markdown","required":true},"format":{"type":"string","description":"The format of the Kinesis source. (`JSONEachRow`, `Avro`, `AvroConfluent`)","description_kind":"markdown","required":true},"iam_role":{"type":"string","description":"The IAM role for the Kinesis source. Use with `IAM_ROLE` authentication. It can be used with AWS ClickHouse service only. Read more at https://clickhouse.com/docs/en/integrations/clickpipes/kinesis.","description_kind":"markdown","optional":true},"iterator_type":{"type":"string","description":"The iterator type for the Kinesis source. (`TRIM_HORIZON`, `LATEST`, `AT_TIMESTAMP`)","description_kind":"markdown","required":true},"region":{"type":"string","description":"The AWS region of the Kinesis stream.","description_kind":"plain","required":true},"stream_name":{"type":"string","description":"The name of the Kinesis stream.","description_kind":"plain","required":true},"timestamp":{"type":"string","description":"The timestamp for the Kinesis source. Use with `AT_TIMESTAMP` iterator type. (format `2021-01-01T00:00`)","description_kind":"markdown","optional":true},"use_enhanced_fan_out":{"type":"bool","description":"Whether to use enhanced fan-out consumer.","description_kind":"plain","optional":true,"computed":true}},"nesting_mode":"single"},"description":"The Kinesis source configuration for the ClickPipe. Only `authentication`, `iam_role` and `access_key` can be updated in place; changing any other field forces resource replacement (destroy and recreate).","description_kind":"markdown","optional":true},"mongodb":{"nested_type":{"attributes":{"ca_certificate":{"type":"string","description":"PEM encoded CA certificate to validate the MongoDB server certificate.","description_kind":"plain","optional":true},"credentials":{"nested_type":{"attributes":{"password":{"type":"string","description":"The password for the MongoDB instance. Use `password_wo` instead to keep the value out of state.","description_kind":"plain","optional":true,"sensitive":true},"password_wo":{"type":"string","description":"Write-only password for the MongoDB instance. Not persisted to state. Pair with `password_wo_version` to trigger updates.","description_kind":"plain","optional":true,"sensitive":true},"password_wo_version":{"type":"number","description":"Version trigger for `password_wo`. Increment to push a new password to the API.","description_kind":"plain","optional":true},"username":{"type":"string","description":"The username for the MongoDB instance.","description_kind":"plain","required":true}},"nesting_mode":"single"},"description":"The credentials for the MongoDB instance (username and password). Optional if credentials are embedded in the URI.","description_kind":"markdown","optional":true,"sensitive":true},"disable_tls":{"type":"bool","description":"Disable TLS for the MongoDB connection. Defaults to false (TLS enabled).","description_kind":"plain","optional":true,"computed":true},"read_preference":{"type":"string","description":"MongoDB read preference for replica set reads. (`primary`, `primaryPreferred`, `secondary`, `secondaryPreferred`, `nearest`)","description_kind":"markdown","required":true},"settings":{"nested_type":{"attributes":{"delete_on_merge":{"type":"bool","description":"Enable hard delete behavior in ReplacingMergeTree for MongoDB DELETE operations.","description_kind":"plain","optional":true,"computed":true},"pull_batch_size":{"type":"number","description":"Number of rows to pull in each batch during CDC replication.","description_kind":"plain","optional":true,"computed":true},"replication_mode":{"type":"string","description":"Replication mode for the MongoDB pipe. (`cdc`, `snapshot`, `cdc_only`)","description_kind":"markdown","required":true},"snapshot_num_rows_per_partition":{"type":"number","description":"Number of rows per partition during the snapshot phase.","description_kind":"plain","optional":true,"computed":true},"snapshot_number_of_parallel_tables":{"type":"number","description":"Number of collections to snapshot in parallel during the initial load phase.","description_kind":"plain","optional":true,"computed":true},"sync_interval_seconds":{"type":"number","description":"Interval in seconds to sync data from MongoDB during CDC replication.","description_kind":"plain","optional":true,"computed":true},"use_json_native_format":{"type":"bool","description":"Store JSON values in native ClickHouse JSON format. When disabled, JSON data is stored as String.","description_kind":"plain","optional":true,"computed":true}},"nesting_mode":"single"},"description":"Settings for the MongoDB CDC pipe.","description_kind":"markdown","required":true},"table_mappings":{"nested_type":{"attributes":{"source_collection":{"type":"string","description":"MongoDB source collection name.","description_kind":"plain","required":true},"source_database_name":{"type":"string","description":"MongoDB source database name.","description_kind":"plain","required":true},"table_engine":{"type":"string","description":"Table engine to use for the target table. (`MergeTree`, `ReplacingMergeTree`, `Null`)","description_kind":"markdown","optional":true},"target_table":{"type":"string","description":"ClickHouse target table name. The table will be created automatically if it does not exist.","description_kind":"plain","required":true}},"nesting_mode":"set"},"description":"Collection mappings from MongoDB source to ClickHouse destination.","description_kind":"plain","required":true},"tls_host":{"type":"string","description":"TLS/SSL host for secure connections.","description_kind":"plain","optional":true},"uri":{"type":"string","description":"MongoDB connection URI. Supports both standard URIs (mongodb://...) and SRV URIs (mongodb+srv://...).","description_kind":"plain","required":true}},"nesting_mode":"single"},"description":"The MongoDB CDC source configuration for the ClickPipe.","description_kind":"markdown","optional":true},"mysql":{"nested_type":{"attributes":{"authentication":{"type":"string","description":"Authentication method for MySQL connection. Supported values: `basic`, `IAM_ROLE`. Default is `basic`.","description_kind":"markdown","optional":true,"computed":true},"ca_certificate":{"type":"string","description":"PEM encoded CA certificate to validate the MySQL server certificate.","description_kind":"plain","optional":true},"credentials":{"nested_type":{"attributes":{"password":{"type":"string","description":"The password for the MySQL instance. Use `password_wo` instead to keep the value out of state.","description_kind":"plain","optional":true,"sensitive":true},"password_wo":{"type":"string","description":"Write-only password for the MySQL instance. Not persisted to state. Pair with `password_wo_version` to trigger updates.","description_kind":"plain","optional":true,"sensitive":true},"password_wo_version":{"type":"number","description":"Version trigger for `password_wo`. Increment to push a new password to the API.","description_kind":"plain","optional":true},"username":{"type":"string","description":"The username for the MySQL instance.","description_kind":"plain","required":true,"sensitive":true}},"nesting_mode":"single"},"description":"The credentials for the MySQL instance. Username is always required. For `basic` authentication, supply either `password` or `password_wo`. For `IAM_ROLE` authentication, password is optional.","description_kind":"markdown","required":true,"sensitive":true},"disable_tls":{"type":"bool","description":"Disable TLS for the MySQL connection.","description_kind":"plain","optional":true,"computed":true},"host":{"type":"string","description":"The hostname of the MySQL instance.","description_kind":"plain","required":true},"iam_role":{"type":"string","description":"IAM role ARN for IAM authentication. Required when authentication is set to `IAM_ROLE`.","description_kind":"plain","optional":true},"port":{"type":"number","description":"The port of the MySQL instance. Default is 3306.","description_kind":"plain","optional":true,"computed":true},"settings":{"nested_type":{"attributes":{"allow_nullable_columns":{"type":"bool","description":"Allow nullable columns in the destination table.","description_kind":"plain","optional":true,"computed":true},"delete_on_merge":{"type":"bool","description":"Enable hard delete behavior in ReplacingMergeTree for MySQL DELETE operations.","description_kind":"plain","optional":true,"computed":true},"initial_load_parallelism":{"type":"number","description":"Number of parallel connections to use during initial load.","description_kind":"plain","optional":true,"computed":true},"pull_batch_size":{"type":"number","description":"Number of rows to pull in each batch.","description_kind":"plain","optional":true,"computed":true},"replication_mechanism":{"type":"string","description":"Replication mechanism for the MySQL pipe. (`GTID`, `FILE_POS`). Default is `GTID`. Mechanisms other than `GTID` (e.g. `FILE_POS`) must be enabled for your organization; contact ClickHouse support to enable this feature.","description_kind":"markdown","optional":true,"computed":true},"replication_mode":{"type":"string","description":"Replication mode for the MySQL pipe. (`cdc`, `snapshot`, `cdc_only`)","description_kind":"markdown","required":true},"snapshot_num_rows_per_partition":{"type":"number","description":"Number of rows to snapshot per partition.","description_kind":"plain","optional":true,"computed":true},"snapshot_number_of_parallel_tables":{"type":"number","description":"Number of parallel tables to snapshot.","description_kind":"plain","optional":true,"computed":true},"sync_interval_seconds":{"type":"number","description":"Interval in seconds to sync data from MySQL.","description_kind":"plain","optional":true,"computed":true},"use_compression":{"type":"bool","description":"Enable compression for the MySQL replication connection.","description_kind":"plain","optional":true,"computed":true}},"nesting_mode":"single"},"description":"Settings for the MySQL CDC pipe.","description_kind":"markdown","required":true},"skip_cert_verification":{"type":"bool","description":"Skip certificate verification for the MySQL connection.","description_kind":"plain","optional":true,"computed":true},"table_mappings":{"nested_type":{"attributes":{"excluded_columns":{"type":["set","string"],"description":"Columns to exclude from replication.","description_kind":"plain","optional":true},"partition_key":{"type":"string","description":"Custom partitioning column used for parallel snapshotting. Must be an indexed column of integer, date, datetime, or timestamp type.","description_kind":"plain","optional":true},"sorting_keys":{"type":["list","string"],"description":"Ordered list of columns to use as sorting key for the target table. Required when use_custom_sorting_key is true.","description_kind":"plain","optional":true},"source_schema_name":{"type":"string","description":"Source schema (database) name in MySQL.","description_kind":"plain","required":true},"source_table":{"type":"string","description":"Source table name in MySQL.","description_kind":"plain","required":true},"table_engine":{"type":"string","description":"Table engine to use for the target table. (`MergeTree`, `ReplacingMergeTree`, `Null`)","description_kind":"markdown","optional":true},"target_table":{"type":"string","description":"Target table name in ClickHouse.","description_kind":"plain","required":true},"use_custom_sorting_key":{"type":"bool","description":"Whether to use a custom sorting key for the target table.","description_kind":"plain","optional":true,"computed":true}},"nesting_mode":"set"},"description":"Table mappings from MySQL source to ClickHouse destination.","description_kind":"plain","required":true},"tls_host":{"type":"string","description":"TLS/SSL host for secure connections. Used to verify the server certificate.","description_kind":"plain","optional":true},"type":{"type":"string","description":"The type of MySQL-compatible source. (`mysql`, `rdsmysql`, `auroramysql`, `planetscalevitess`, `mariadb`, `rdsmariadb`). Default is `mysql`.","description_kind":"markdown","optional":true,"computed":true}},"nesting_mode":"single"},"description":"The MySQL CDC source configuration for the ClickPipe.","description_kind":"markdown","optional":true},"object_storage":{"nested_type":{"attributes":{"access_key":{"nested_type":{"attributes":{"access_key_id":{"type":"string","description":"The access key ID for the S3 source. Use with `IAM_USER` authentication.","description_kind":"plain","optional":true,"sensitive":true},"secret_key":{"type":"string","description":"The secret key for the S3 source. Use with `IAM_USER` authentication.","description_kind":"plain","optional":true,"sensitive":true}},"nesting_mode":"single"},"description":"Access key","description_kind":"markdown","optional":true},"authentication":{"type":"string","description":"CONNECTION_STRING is for Azure Blob Storage. IAM_ROLE and IAM_USER are for AWS S3. IAM_USER and SERVICE_ACCOUNT are for GCS. If not provided, no authentication is used","description_kind":"markdown","optional":true},"azure_container_name":{"type":"string","description":"Container name for Azure Blob Storage. Required when type is azureblobstorage. Example: `mycontainer`","description_kind":"markdown","optional":true},"compression":{"type":"string","description":"Compression algorithm used for the files.. (`none`, `auto`, `gzip`, `brotli`, `br`, `xz`, `LZMA`, `zstd`)","description_kind":"markdown","optional":true},"connection_string":{"type":"string","description":"Connection string for Azure Blob Storage authentication. Required when authentication is CONNECTION_STRING. Example: `DefaultEndpointsProtocol=https;AccountName=myaccount;AccountKey=mykey;EndpointSuffix=core.windows.net`","description_kind":"markdown","optional":true,"sensitive":true},"delimiter":{"type":"string","description":"The delimiter for the S3 source. Default is `,`.","description_kind":"markdown","optional":true},"format":{"type":"string","description":"The format of the S3 objects. (`JSONEachRow`, `CSV`, `CSVWithNames`, `Parquet`, `Avro`)","description_kind":"markdown","required":true},"iam_role":{"type":"string","description":"The IAM role for the S3 source. Use with `IAM_ROLE` authentication. It can be used with AWS ClickHouse service only. Read more at https://clickhouse.com/docs/en/integrations/clickpipes/object-storage#authentication","description_kind":"markdown","optional":true},"is_continuous":{"type":"bool","description":"If set to true, the pipe will continuously read new files from the source. If set to false, the pipe will read the files only once. New files have to be uploaded lexically order.","description_kind":"markdown","optional":true,"computed":true},"path":{"type":"string","description":"Path to the file(s) within the Azure container. Used for Azure Blob Storage sources. You can specify multiple files using bash-like wildcards. For more information, see the documentation on using wildcards in path: https://clickhouse.com/docs/en/integrations/clickpipes/object-storage#limitations. Example: `data/logs/*.json`","description_kind":"markdown","optional":true},"queue_url":{"type":"string","description":"Queue URL for event-based continuous ingestion. When provided, files are ingested based on event notifications rather than lexicographical order. Only applicable when `is_continuous` is `true` and authentication is provided. For S3: SQS URL in the format `https://sqs.{region}.amazonaws.com/{account-id}/{queue-name}`. For GCS: Pub/Sub subscription in the format `projects/{project}/subscriptions/{subscription}`.","description_kind":"markdown","optional":true},"service_account_key":{"type":"string","description":"Base64-encoded GCP service account JSON key for GCS authentication. Required when authentication is `SERVICE_ACCOUNT`.","description_kind":"markdown","optional":true,"sensitive":true},"skip_initial_load":{"type":"bool","description":"If set to true, skips the initial load and only ingests files delivered by queue notifications. Only applicable when `queue_url` is provided.","description_kind":"markdown","optional":true},"start_after":{"type":"string","description":"Skip all files up to and including this object key during the initial load (e.g. `events/2026-06-01/`). Cannot be provided when `skip_initial_load` is true.","description_kind":"markdown","optional":true},"type":{"type":"string","description":"The type of the S3-compatible source (`s3`, `gcs`, `azureblobstorage`). Default is `s3`.","description_kind":"markdown","optional":true,"computed":true},"url":{"type":"string","description":"The URL of the S3/GCS bucket. Required for S3 and GCS types. Not used for Azure Blob Storage (use path and azure_container_name instead). You can specify multiple files using bash-like wildcards. For more information, see the documentation on using wildcards in path: https://clickhouse.com/docs/en/integrations/clickpipes/object-storage#limitations","description_kind":"markdown","optional":true}},"nesting_mode":"single"},"description":"The compatible object storage source configuration for the ClickPipe.","description_kind":"markdown","optional":true},"postgres":{"nested_type":{"attributes":{"authentication":{"type":"string","description":"Authentication method for Postgres connection. Supported values: `basic`, `iam_role`. Default is `basic`.","description_kind":"markdown","optional":true,"computed":true},"ca_certificate":{"type":"string","description":"PEM encoded CA certificate to validate the Postgres server certificate.","description_kind":"plain","optional":true},"credentials":{"nested_type":{"attributes":{"password":{"type":"string","description":"The password for the Postgres instance. Use `password_wo` instead to keep the value out of state.","description_kind":"plain","optional":true,"sensitive":true},"password_wo":{"type":"string","description":"Write-only password for the Postgres instance. Not persisted to state. Pair with `password_wo_version` to trigger updates.","description_kind":"plain","optional":true,"sensitive":true},"password_wo_version":{"type":"number","description":"Version trigger for `password_wo`. Increment to push a new password to the API.","description_kind":"plain","optional":true},"username":{"type":"string","description":"The username for the Postgres instance.","description_kind":"plain","required":true,"sensitive":true}},"nesting_mode":"single"},"description":"The credentials for the Postgres instance. Username is always required. For `basic` authentication, supply either `password` or `password_wo`. For `iam_role` authentication, password is optional.","description_kind":"markdown","required":true,"sensitive":true},"database":{"type":"string","description":"The database name of the Postgres instance.","description_kind":"plain","required":true},"host":{"type":"string","description":"The hostname of the Postgres instance.","description_kind":"plain","required":true},"iam_role":{"type":"string","description":"IAM role ARN for IAM authentication. Required when authentication is set to `iam_role`.","description_kind":"plain","optional":true},"port":{"type":"number","description":"The port of the Postgres instance. Default is 5432.","description_kind":"plain","optional":true,"computed":true},"settings":{"nested_type":{"attributes":{"allow_nullable_columns":{"type":"bool","description":"Allow nullable columns in the destination table.","description_kind":"plain","optional":true,"computed":true},"delete_on_merge":{"type":"bool","description":"Enable hard delete behavior in ReplacingMergeTree for PostgreSQL DELETE operations.","description_kind":"plain","optional":true,"computed":true},"enable_failover_slots":{"type":"bool","description":"Enable failover for created replication slot. Requires a replication slot to NOT be set.","description_kind":"plain","optional":true,"computed":true},"initial_load_parallelism":{"type":"number","description":"Number of parallel connections to use during initial load.","description_kind":"plain","optional":true,"computed":true},"publication_name":{"type":"string","description":"Publication name to use for replication. If not provided, ClickPipes will create one.","description_kind":"plain","optional":true},"pull_batch_size":{"type":"number","description":"Number of rows to pull in each batch.","description_kind":"plain","optional":true,"computed":true},"replication_mode":{"type":"string","description":"Replication mode for the Postgres pipe. (`cdc`, `snapshot`, `cdc_only`)","description_kind":"markdown","required":true},"replication_slot_name":{"type":"string","description":"Replication slot name to use for replication. Only applicable when replication_mode is `cdc_only`.","description_kind":"markdown","optional":true},"snapshot_num_rows_per_partition":{"type":"number","description":"Number of rows to snapshot per partition.","description_kind":"plain","optional":true,"computed":true},"snapshot_number_of_parallel_tables":{"type":"number","description":"Number of parallel tables to snapshot.","description_kind":"plain","optional":true,"computed":true},"sync_interval_seconds":{"type":"number","description":"Interval in seconds to sync data from Postgres.","description_kind":"plain","optional":true,"computed":true}},"nesting_mode":"single"},"description":"Settings for the Postgres CDC pipe.","description_kind":"markdown","required":true},"table_mappings":{"nested_type":{"attributes":{"excluded_columns":{"type":["set","string"],"description":"Columns to exclude from replication.","description_kind":"plain","optional":true},"partition_key":{"type":"string","description":"Custom partitioning column used for parallel snapshotting. Only beneficial for PostgreSQL 13 (no benefit for PG14+, which supports indexed ctid scans). Must be an indexed column of type: `smallint`, `integer`, `bigint`, `timestamp without time zone`, or `timestamp with time zone`. Unrelated to ClickHouse partitioning.","description_kind":"plain","optional":true},"sorting_keys":{"type":["list","string"],"description":"Ordered list of columns to use as sorting key for the target table. Required when use_custom_sorting_key is true.","description_kind":"plain","optional":true},"source_schema_name":{"type":"string","description":"Source schema name in Postgres.","description_kind":"plain","required":true},"source_table":{"type":"string","description":"Source table name in Postgres.","description_kind":"plain","required":true},"table_engine":{"type":"string","description":"Table engine to use for the target table. (`MergeTree`, `ReplacingMergeTree`, `Null`)","description_kind":"markdown","optional":true},"target_table":{"type":"string","description":"Target table name in ClickHouse.","description_kind":"plain","required":true},"use_custom_sorting_key":{"type":"bool","description":"Whether to use a custom sorting key for the target table.","description_kind":"plain","optional":true,"computed":true}},"nesting_mode":"set"},"description":"Table mappings from Postgres source to ClickHouse destination.","description_kind":"plain","required":true},"tls_host":{"type":"string","description":"TLS/SSL host for secure connections. Used to verify the server certificate.","description_kind":"plain","optional":true},"type":{"type":"string","description":"The type of the Postgres source. (`postgres`, `supabase`, `neon`, `alloydb`, `planetscale`, `rdspostgres`, `aurorapostgres`, `cloudsqlpostgres`, `azurepostgres`, `crunchybridge`, `tigerdata`). Default is `postgres`.","description_kind":"markdown","optional":true,"computed":true}},"nesting_mode":"single"},"description":"The Postgres CDC source configuration for the ClickPipe.","description_kind":"markdown","optional":true},"pubsub":{"nested_type":{"attributes":{"ack_deadline":{"type":"number","description":"Acknowledgement deadline in seconds (10–600).","description_kind":"plain","optional":true},"authentication":{"type":"string","description":"The authentication method for the Pub/Sub source. Currently only `SERVICE_ACCOUNT` is supported.","description_kind":"markdown","required":true},"enable_ordering":{"type":"bool","description":"Whether to enable ordered message delivery. Immutable — changing it requires destroy+create because ordered delivery is a property of the subscription at creation time.","description_kind":"plain","optional":true},"filter":{"type":"string","description":"Optional Pub/Sub subscription filter expression (CEL). Max 256 characters. Immutable — changing it requires destroy+create because the underlying subscription filter cannot be edited in place.","description_kind":"markdown","optional":true},"format":{"type":"string","description":"The message format of the Pub/Sub topic. (`JSONEachRow`, `Avro`, `Protobuf`)","description_kind":"markdown","required":true},"project_id":{"type":"string","description":"The GCP project ID that owns the Pub/Sub topic.","description_kind":"plain","required":true},"seek_timestamp":{"type":"string","description":"RFC 3339 timestamp (e.g. `2026-04-10T12:00:00Z`). Required when `seek_type = \"timestamp\"`; must be omitted otherwise.","description_kind":"markdown","optional":true},"seek_type":{"type":"string","description":"The starting position for consuming the subscription. (`latest`, `earliest`, `timestamp`)","description_kind":"markdown","required":true},"service_account_key":{"nested_type":{"attributes":{"service_account_file":{"type":"string","description":"Base64-encoded GCP service account JSON key file contents.","description_kind":"markdown","required":true,"sensitive":true}},"nesting_mode":"single"},"description":"GCP service account credentials. Required on create; provide a new value on update to rotate the key.","description_kind":"markdown","required":true},"topic":{"type":"string","description":"The Pub/Sub topic name (not the fully-qualified path).","description_kind":"plain","required":true}},"nesting_mode":"single"},"description":"The GCP Pub/Sub source configuration for the ClickPipe.","description_kind":"markdown","optional":true}},"nesting_mode":"single"},"description":"The data source for the ClickPipe. At least one source configuration must be provided.","description_kind":"plain","required":true},"state":{"type":"string","description":"The current state of the ClickPipe. This is a read-only field that reports the actual state from ClickHouse Cloud. Possible values include `Running`, `Stopped`, `Paused`, `Provisioning`, `Failed`, `InternalError`, etc.","description_kind":"markdown","computed":true},"stopped":{"type":"bool","description":"Whether the ClickPipe should be stopped. Default is `false` (ClickPipe will be running). Cannot be set to `true` on creation — the ClickPipe must be created in a running state and then stopped via a subsequent apply.","description_kind":"markdown","optional":true,"computed":true},"trigger_resync":{"type":"bool","description":"Set to `true` to trigger a resync operation. Only applicable for Postgres pipes. Automatically resets to `false` after the resync is triggered. **Note:** This will always show a diff in `terraform plan` after setting to `true` since it resets to `false` in state.","description_kind":"markdown","optional":true,"computed":true}},"description":"You can use the *clickhouse_clickpipe* resource to create and manage ClickPipes data ingestion pipelines in ClickHouse Cloud.\n\nSupported source types: Kafka (Confluent, MSK, Azure Event Hubs, Redpanda, WarpStream), Object Storage (S3, GCS, Azure Blob), Kinesis, Postgres CDC, MySQL CDC, BigQuery, and MongoDB CDC.\n\nKnown limitations:\n\n- ClickPipe does not support table updates for managed tables. If you need to update the table schema, you will have to do that externally.\n- Changing the source type of an existing ClickPipe will force replacement (destroy and recreate).\n","description_kind":"markdown"}},"clickhouse_clickpipe_cdc_infrastructure":{"version":0,"block":{"attributes":{"replica_cpu_millicores":{"type":"number","description":"CPU in millicores for DB ClickPipes. Must be a multiple of 1000, between 1000 and 24000.","description_kind":"markdown","required":true},"replica_memory_gb":{"type":"number","description":"Memory in GiB for DB ClickPipes. Must be a multiple of 4, between 4 and 96. Must be 4× the CPU core count.","description_kind":"markdown","required":true},"service_id":{"type":"string","description":"ClickHouse Cloud service ID where the CDC infrastructure is located.","description_kind":"markdown","required":true}},"description":"You can use the *clickhouse_clickpipe_cdc_infrastructure* resource to manage scaling settings for CDC ClickPipes infrastructure shared across all DB ClickPipes in a service.\n\n~\u003e **Important:** Only one CDC infrastructure resource per service is supported. Creating multiple instances for the same service will cause conflicts.\n\nThis endpoint becomes available once at least one DB ClickPipe has been provisioned. The resource will poll for up to 10 minutes waiting for the endpoint to become available.\n\nFor billing purposes, 2 CPU cores and 8 GB of RAM correspond to one compute unit.\n\n~\u003e **Note:** CDC infrastructure is shared across all DB ClickPipes and cannot be explicitly deleted. Removing this resource only removes it from Terraform state. The infrastructure is automatically cleaned up when all DB ClickPipes are deleted.\n","description_kind":"markdown"}},"clickhouse_clickpipes_reverse_private_endpoint":{"version":0,"block":{"attributes":{"description":{"type":"string","description":"Description of the reverse private endpoint","description_kind":"markdown","required":true},"dns_names":{"type":["list","string"],"description":"Reverse private endpoint internal DNS names","description_kind":"markdown","computed":true},"endpoint_id":{"type":"string","description":"Reverse private endpoint endpoint ID","description_kind":"markdown","computed":true},"gcp_service_attachment":{"type":"string","description":"GCP PSC service attachment URI, required for GCP_PSC_SERVICE_ATTACHMENT type. Format: projects/{project}/regions/{region}/serviceAttachments/{name}","description_kind":"markdown","optional":true},"id":{"type":"string","description":"Unique identifier for the reverse private endpoint","description_kind":"markdown","computed":true},"msk_authentication":{"type":"string","description":"MSK cluster authentication type (SASL_IAM or SASL_SCRAM), required for MSK_MULTI_VPC type","description_kind":"markdown","optional":true},"msk_cluster_arn":{"type":"string","description":"MSK cluster ARN, required for MSK_MULTI_VPC type","description_kind":"markdown","optional":true},"private_dns_names":{"type":["list","string"],"description":"Reverse private endpoint private DNS names","description_kind":"markdown","computed":true},"service_id":{"type":"string","description":"The ID of the ClickHouse service to associate with this reverse private endpoint","description_kind":"markdown","required":true},"status":{"type":"string","description":"Status of the reverse private endpoint","description_kind":"markdown","computed":true},"type":{"type":"string","description":"Type of the reverse private endpoint (VPC_ENDPOINT_SERVICE, VPC_RESOURCE, MSK_MULTI_VPC, or GCP_PSC_SERVICE_ATTACHMENT)","description_kind":"markdown","required":true},"vpc_endpoint_service_name":{"type":"string","description":"VPC endpoint service name, required for VPC_ENDPOINT_SERVICE type","description_kind":"markdown","optional":true},"vpc_resource_configuration_id":{"type":"string","description":"VPC resource configuration ID, required for VPC_RESOURCE type","description_kind":"markdown","optional":true},"vpc_resource_share_arn":{"type":"string","description":"VPC resource share ARN, required for VPC_RESOURCE type","description_kind":"markdown","optional":true}},"description":"You can use the *clickhouse_clickpipes_reverse_private_endpoint* resource to create and manage reverse private endpoints for secure ClickPipes data source connections in ClickHouse Cloud.\n\nSupported endpoint types: `VPC_ENDPOINT_SERVICE`, `VPC_RESOURCE`, `MSK_MULTI_VPC`, and `GCP_PSC_SERVICE_ATTACHMENT`.\n\n~\u003e **Note:** All fields on this resource are immutable after creation. Any change will force replacement (destroy and recreate).\n\nUse *clickhouse_clickpipes_reverse_private_endpoint_custom_private_dns* to manage custom private DNS mappings for a reverse private endpoint.\n","description_kind":"markdown"}},"clickhouse_clickpipes_reverse_private_endpoint_custom_private_dns":{"version":0,"block":{"attributes":{"id":{"type":"string","description":"Resource identifier in service_id:reverse_private_endpoint_id format.","description_kind":"markdown","computed":true},"mapping":{"nested_type":{"attributes":{"private_dns_name":{"type":"string","description":"Custom private DNS name managed by ClickHouse Cloud.","description_kind":"markdown","required":true}},"nesting_mode":"list"},"description":"Full replacement list of custom private DNS mappings. Use an empty list to clear mappings.","description_kind":"markdown","required":true},"reverse_private_endpoint_id":{"type":"string","description":"The ID of the ClickPipes reverse private endpoint to manage custom private DNS mappings for.","description_kind":"markdown","required":true},"service_id":{"type":"string","description":"The ID of the ClickHouse service that owns the reverse private endpoint.","description_kind":"markdown","required":true}},"description":"Use the *clickhouse_clickpipes_reverse_private_endpoint_custom_private_dns* resource to manage the full set of custom private DNS mappings for an existing ClickPipes reverse private endpoint.\n\nThis resource updates only custom private DNS mappings. The mapping list is a full replacement list, and deleting this resource clears all custom private DNS mappings on the reverse private endpoint.\n","description_kind":"markdown"}},"clickhouse_organization_settings":{"version":0,"block":{"attributes":{"core_dumps_enabled":{"type":"bool","description":"Whether core dumps collection is enabled for services in the organization. Defaults to the organization's current setting if not specified.","description_kind":"plain","optional":true,"computed":true},"id":{"type":"string","description":"ID of the organization. This is set automatically from the provider configuration.","description_kind":"plain","computed":true}},"description":"You can use the *clickhouse_organization_settings* resource to manage organization-level settings in ClickHouse Cloud.\n\n~\u003e **Note:** This resource manages settings for the organization configured in the provider. Only one instance of this resource should exist per organization.\n\n## Example Usage\n\n```hcl\nresource \"clickhouse_organization_settings\" \"org_settings\" {\n  core_dumps_enabled = true\n}\n```\n","description_kind":"markdown"}},"clickhouse_postgres_service":{"version":0,"block":{"attributes":{"cloud_provider":{"type":"string","description":"Cloud provider hosting the instance. Currently only 'aws' is supported. Required for a standard create; omit for a read replica or point-in-time restore (inherited from the source).","description_kind":"plain","optional":true,"computed":true},"connection_string":{"type":"string","description":"Full connection URI embedding the username and the password. Marked sensitive; the secret-redaction layer also covers it in TF_LOG=DEBUG output. Plan stability is managed in ModifyPlan: pinned to the prior value on unrelated updates, marked unknown when a password rotation is planned (it embeds the password).","description_kind":"plain","computed":true,"sensitive":true},"created_at":{"type":"string","description":"RFC3339 timestamp when the service was created.","description_kind":"plain","computed":true},"ha_type":{"type":"string","description":"High-availability mode. One of 'none' (single replica), 'async' (asynchronous replica), or 'sync' (synchronous replica). Mutable post-create; an HA flip triggers a transition. Omitting the attribute preserves the prior value (the server defaults to 'none' on Create); to actively downgrade, set 'ha_type = \"none\"' explicitly. Omit for a read replica or point-in-time restore (inherited from the source).","description_kind":"plain","optional":true,"computed":true},"hostname":{"type":"string","description":"Network hostname for client connections.","description_kind":"plain","computed":true},"id":{"type":"string","description":"Unique identifier for the Postgres service. Assigned by ClickHouse Cloud.","description_kind":"plain","computed":true},"is_primary":{"type":"bool","description":"True when this instance is a writeable primary cluster; false only for separately-provisioned read replicas. HA standby servers (`ha_type = async`/`sync`) live inside the same primary instance and don't affect this value.","description_kind":"plain","computed":true},"name":{"type":"string","description":"Human-readable name. Immutable post-create; changes force destroy-and-recreate. Differs from clickhouse_service, which allows in-place rename.","description_kind":"plain","required":true},"password":{"type":"string","description":"Superuser password. Optional: set it to manage the password in Terraform, or omit it and the server generates one. Computed and refreshed from each GET (the server echoes it), so it always reflects the live password and an out-of-band rotation is reconciled on the next refresh. Changing this value rotates the password (PATCH /password). Must be ≥12 chars with at least one lowercase, one uppercase, and one digit. Stored in (sensitive) state.","description_kind":"plain","optional":true,"computed":true,"sensitive":true},"pg_config":{"type":["map","string"],"description":"Postgres server parameters (pgConfig) as a key-value map. Declared parameters are the desired state — every apply sends the full map via POST /config (full replacement), so removing a key from the map removes it server-side. Set `pg_config = {}` to clear all parameters; omit the attribute to preserve the prior state (read replicas inherit the primary's parameters, and the server may surface values the configuration never declared — so it is Optional+Computed like tags). Out-of-band changes are reverted on the next apply. Some parameters require a database restart; the provider surfaces the server's restart-required hint as a warning (restart out-of-band).","description_kind":"plain","optional":true,"computed":true},"pgbouncer_config":{"type":["map","string"],"description":"PgBouncer connection-pooler parameters (pgBouncerConfig) as a key-value map. Same Optional+Computed semantics as pg_config; set `pgbouncer_config = {}` to clear.","description_kind":"plain","optional":true,"computed":true},"port":{"type":"number","description":"TCP port for client connections. Hardcoded to 5432 today; will become server-supplied once the API exposes a per-instance port field.","description_kind":"plain","computed":true},"postgres_version":{"type":"string","description":"Major Postgres version (e.g. '18'). The server picks the patch release within that major. Changing the major triggers destroy-and-recreate. Omit for a read replica or point-in-time restore (inherited from the source).","description_kind":"plain","optional":true,"computed":true},"read_replica_of":{"type":"string","description":"ID of the primary instance to replicate. When set, this instance is created as a read replica (streaming replication) of that primary. Immutable for a live replica: changing or removing it destroys and recreates the instance as a standalone primary. The one exception is an out-of-band promotion — if you promote the replica via the API/UI (is_primary becomes true), changing or removing read_replica_of then reconciles state in place without destroying the promoted primary. Mutually exclusive with restore_to_point_in_time and with password (a replica inherits the primary's superuser).","description_kind":"plain","optional":true},"region":{"type":"string","description":"Cloud region (e.g. 'us-east-1'). No client-side validation; the server rejects unsupported regions. Required for a standard create; omit for a read replica or point-in-time restore (inherited from the source).","description_kind":"plain","optional":true,"computed":true},"restore_to_point_in_time":{"nested_type":{"attributes":{"restore_target":{"type":"string","description":"RFC3339 timestamp to restore to (e.g. '2026-06-01T12:00:00Z'). The server restores to the closest available recovery point at or before this time.","description_kind":"plain","required":true},"source_id":{"type":"string","description":"ID of the source instance whose backup to restore from.","description_kind":"plain","required":true}},"nesting_mode":"single"},"description":"Create this instance by restoring another Postgres instance's backup to a point in time. The whole block is create-time only: changing source_id / restore_target (re-restore to a new point) OR removing it both destroy and recreate the instance. The restored instance's name is this resource's top-level `name` and it is independent of its source. cloud_provider / region / postgres_version are inherited from the source — omit them, or set them to match (a mismatch is a plan-time error); size and ha_type must be omitted (the restored instance comes up at the backup's size and a server-assigned HA mode). Mutually exclusive with read_replica_of.","description_kind":"plain","optional":true},"size":{"type":"string","description":"Instance size (VM SKU). See https://clickhouse.com/docs/cloud/managed-postgres/scaling for the supported instance families. No client-side enum; the server rejects unsupported sizes with HTTP 400 at apply time. Resizable in place. Required for a standard create; omit for a read replica or point-in-time restore (inherited from the source).","description_kind":"plain","optional":true,"computed":true},"state":{"type":"string","description":"Server-reported state. Examples: 'creating', 'running', 'restarting', 'unavailable', 'deleting'. Forward-compatible: unknown values from the server are surfaced verbatim.","description_kind":"plain","computed":true},"tags":{"type":["map","string"],"description":"Resource tags as a key-value map. Values must be non-empty (server's PATCH returns 400 on omitted value). Set `tags = {}` to clear all tags; omit the attribute to preserve the prior value.","description_kind":"plain","optional":true,"computed":true},"username":{"type":"string","description":"Default superuser name.","description_kind":"plain","computed":true}},"description":"~\u003e **Note:** This resource is in alpha and its behavior may change in future provider versions.\n\nManages a [ClickHouse Cloud Managed Postgres](https://clickhouse.com/cloud/postgres)\nservice. A Managed Postgres service is a fully-managed Postgres instance\nprovisioned in the ClickHouse Cloud control plane.\n\n## Supported lifecycle\n\n- Create — standard, as a read replica (`read_replica_of`), or by\n  point-in-time restore (`restore_to_point_in_time`)\n- Read\n- Update — `size`, `ha_type`, `tags`, `pg_config`, `pgbouncer_config`,\n  `password` rotation\n- Delete\n- Import\n\nThree companion data sources are also provided (alpha):\n`clickhouse_postgres_service`, `clickhouse_postgres_services`, and\n`clickhouse_postgres_service_ca_certificates`.\n\n## Unsupported attributes\n\nThe following are intentionally absent from the schema:\n\n- Operational commands (restart / promote / switchover). See\n  \"Operational commands\" below for the rationale.\n- IP allowlist, private endpoints, backup configuration, maintenance\n  windows, customer-managed encryption keys, BYOC. These depend on\n  server-side endpoint additions.\n- Configurable lifecycle timeouts — there is no `timeouts {}` block; the\n  provider uses fixed internal poll/retry budgets.\n\n## Tag semantics\n\nTags are a `map(string → string)` — same shape as `clickhouse_service`.\nValues must be non-empty alphanumeric / `.` / `-` / `_` strings (server\nregex `^[a-zA-Z0-9._-]+$`); the server's PATCH endpoint returns `400\nBAD_REQUEST` on omitted values, so the schema rejects empty values at\nplan time.\n\nSetting `tags = {}` clears all user-controlled tags. Omitting the\nattribute entirely preserves the prior state value (`Optional +\nComputed + UseStateForUnknown`).\n\nThe Postgres PATCH endpoint has PUT-like semantics specifically for the\n`tags` field: omitting it from the request body clears all tags\nserver-side. The provider works around this by re-asserting the current\nstate tags in every PATCH that mutates `size` or `ha_type`, so users\nwon't lose tags when they resize or change HA mode. This is invisible\nend-to-end but worth knowing if you inspect `TF_LOG=DEBUG` request\nbodies — you'll see tags repeated on non-tag mutations.\n\n## Runtime configuration (`pg_config` / `pgbouncer_config`)\n\nPostgres server parameters and PgBouncer pooler parameters are managed as\n`map(string → string)` (same shape as `tags`):\n\n```hcl\npg_config = {\n  max_connections = \"200\"\n  work_mem        = \"8MB\"\n}\npgbouncer_config = {\n  pool_mode = \"transaction\"\n}\n```\n\n- **Full replacement of declared parameters.** The declared map is the desired\n  state. Every apply sends the full map via `POST /config`, so removing a key\n  from the map removes it server-side. Out-of-band changes to declared\n  parameters are reverted on the next apply.\n- **`Optional + Computed` (like `tags`).** Omitting the attribute preserves the\n  prior state rather than clearing it — a read replica inherits its primary's\n  parameters, and the server may surface values the configuration never\n  declared, so those must be allowed into state. To change parameters, edit the\n  map; to drop one, remove its key. Writing `pg_config = {}` on an existing\n  instance clears all declared parameters (same as `tags = {}`). An empty\n  `pg_config = {}` is **only valid on update** — the server rejects it on create,\n  so on a create (including a read replica / restore) omit the attribute to use\n  the default / inherit, or set at least one parameter (the provider blocks an\n  empty map at plan time with a clear error).\n- **Values are strings** — quote numbers (`\"200\"`).\n- **Restarts are not automatic.** Some parameter changes require a database\n  restart; the provider surfaces the server's restart-required hint as a\n  warning during apply. Restart is not exposed by this resource — restart\n  out-of-band.\n\n## Passwords\n\nThe superuser password can be managed two ways:\n\n- **Omit `password`** — the server generates one, captured into (sensitive)\n  state as `password`.\n- **`password`** — a value you supply; changing it rotates the password\n  (`PATCH /password`). Stored in (sensitive) state.\n\nThe `password` attribute is **always hydrated from the server** (which echoes\nit on every `GET`), so it always reflects the live password and an out-of-band\nrotation is reconciled on the next refresh.\n\n\u003e **The password is stored in state.** Both the `password` attribute and the\n\u003e `connection_string` (which embeds the credential in the URI) are stored in the\n\u003e state file in plaintext. They're marked `Sensitive`, but there is no way to\n\u003e suppress them — ensure your state backend is encrypted at rest.\n\nRules: `password` requires **≥12 chars with at least one lowercase, one\nuppercase, and one digit** (enforced at plan time). Rotation is a `PATCH\n/password` — it does not resize or restart the instance, and there is a brief\n(~1–2s) server-side propagation window before a new password becomes active.\n\n## Read replicas and point-in-time restore\n\nBoth create the instance from a **source**, so the create-time attributes that\ndefine where it runs and how big it is are **inherited from the source** — omit\nthem. The provider reads the source at plan time and fills them in:\n\n- `cloud_provider`, `region`, `postgres_version` (and, for a **replica**,\n  `size`) are reproduced verbatim. Omit them, or set them to **match** the\n  source — a mismatch is a plan-time error (\"conflicts with the source\n  instance\"). The provider pins these into the plan so it shows real values.\n- `size` on a **restore** (the restored instance comes up at the **backup's**\n  size) and `ha_type` (server-assigned for a new replica/restore) are **not**\n  taken from the source — they must be **omitted**; setting them is a plan-time\n  error. They show as \"(known after apply)\".\n\nIf the source ID doesn't exist, the plan errors. (A standalone primary or a\nrestored instance can be resized or have its `ha_type` changed in place — those\nare normal in-place updates. A **live read replica cannot** — see below.)\n\n- **`read_replica_of`** — set to a primary's ID to create a streaming read\n  replica. Mutually exclusive with `restore_to_point_in_time` and with\n  `password` (a replica inherits the primary's superuser).\n  Changing or removing it **destroys and recreates** the instance as a\n  standalone primary — a live replica can't be converted in place (see\n  \"Out-of-band changes\" for the promotion exception).\n  A **live read replica cannot be modified directly**: changing `size`,\n  `ha_type`, or `tags` is a **plan-time error** (\"read replica cannot be\n  modified directly\"), because the server rejects any such change on a replica.\n  Resize/retag the **parent** instead. (Removing `read_replica_of` turns this\n  into a standalone primary, but — as noted above — that **destroys and\n  recreates** a live replica; it is not an in-place detach.) `pg_config` /\n  `pgbouncer_config` **are** changeable on a replica — they use a separate\n  endpoint that allows per-replica values.\n- **`restore_to_point_in_time = { source_id, restore_target }`** — create\n  this instance by restoring another instance's backup to an RFC3339\n  timestamp. The restored instance's name is this resource's top-level `name`\n  and it is independent of its source. A backup must exist at or before\n  `restore_target` (the first automatic backup is taken ~10 minutes after the\n  source is created). The block is create-time only: changing `source_id` /\n  `restore_target` **or removing** it **destroys and recreates** the instance.\n\n```hcl\nrestore_to_point_in_time = {\n  source_id      = clickhouse_postgres_service.primary.id\n  restore_target = \"2026-06-01T12:00:00Z\"\n}\n```\n\n## Out-of-band changes\n\n- **Password rotated externally**: the next `terraform refresh` syncs\n  the new value into state from the GET response.\n- **Replica promoted externally**: the next refresh surfaces `is_primary`\n  flipping true, and the plan then **errors** (\"read replica has been promoted\n  to a primary\"), directing you to remove `read_replica_of` from the\n  configuration. Doing so reconciles the instance **in place** (no destroy),\n  adopting it as a standalone primary — precisely because `is_primary` is true.\n  (Removing `read_replica_of` from a *non-promoted* replica instead destroys and\n  recreates it as a standalone primary.)\n\n## Operational commands\n\nRestart, promote, and switchover are not exposed as Terraform\nattributes. Terraform describes infrastructure shape; operational\nstate changes (restart, promote, switchover) go through the API,\nUI, or CLI directly.\n\n## Known limitations\n\n- The `size` attribute is not validated client-side beyond non-empty.\n  Invalid sizes surface as an HTTP 400 at apply time rather than a\n  plan-time error. Pinning the list to a compile-time snapshot would\n  mean new AWS instance families require a provider patch release\n  before users can adopt them; `size` is the most frequently changed\n  attribute, so the trade-off goes the other way here. The\n  `cloud_provider`, `ha_type`, and `postgres_version` attributes\n  remain client-side validated because they churn rarely.\n- `name` is immutable post-create. The server's PATCH body has no\n  `name` field, so changing it forces destroy-and-recreate via\n  `RequiresReplace`.\n- The connection string and password are visible in plan output even\n  though both are marked `Sensitive`. The Terraform CLI renders\n  `Sensitive` attributes as `(sensitive value)` in human-readable\n  output but the underlying state file is plaintext — ensure your\n  state backend is configured for at-rest encryption.\n","description_kind":"markdown"}},"clickhouse_private_endpoint_registration":{"version":1,"block":{"attributes":{"cloud_provider":{"type":"string","description":"Cloud provider of the private endpoint ID","description_kind":"plain","required":true},"description":{"type":"string","description":"Description of the private endpoint","description_kind":"plain","optional":true},"private_endpoint_id":{"type":"string","description":"ID of the private endpoint (replaces deprecated attribute `id`)","description_kind":"plain","required":true},"region":{"type":"string","description":"Region of the private endpoint","description_kind":"plain","required":true}},"description":"This resource is deprecated since version 3.2.0. Please refer to the docs for migration steps: https://github.com/ClickHouse/terraform-provider-clickhouse?tab=readme-ov-file#breaking-changes-and-deprecations","description_kind":"markdown","deprecated":true}},"clickhouse_role":{"version":0,"block":{"attributes":{"created_at":{"type":"string","description":"Timestamp when the role was created.","description_kind":"plain","computed":true},"id":{"type":"string","description":"Unique identifier for the role.","description_kind":"plain","computed":true},"name":{"type":"string","description":"Name of the custom role.","description_kind":"plain","required":true},"owner_id":{"type":"string","description":"Owner ID of this role.","description_kind":"plain","computed":true},"policies":{"nested_type":{"attributes":{"effect":{"type":"string","description":"Whether this policy allows or denies the specified permissions.","description_kind":"plain","required":true},"id":{"type":"string","description":"Server-assigned policy ID. Changes on every update since the server replaces all policies on PATCH.","description_kind":"plain","computed":true},"permissions":{"type":["set","string"],"description":"List of permission strings granted or denied by this policy.","description_kind":"plain","required":true},"resources":{"type":["set","string"],"description":"List of resources this policy applies to. Format: 'instance/\u003cuuid\u003e' or 'instance/*'.","description_kind":"plain","required":true},"role_id":{"type":"string","description":"ID of the role this policy belongs to.","description_kind":"plain","computed":true},"tags":{"nested_type":{"attributes":{"role":{"type":"string","description":"SQL console role level for passwordless DB access. One of: sql-console-admin (full access), sql-console-readonly (read-only).","description_kind":"plain","required":true}},"nesting_mode":"single"},"description":"Optional tags for additional policy metadata.","description_kind":"plain","optional":true},"tenant_id":{"type":"string","description":"Tenant ID that owns this policy.","description_kind":"plain","computed":true}},"nesting_mode":"list"},"description":"List of policies attached to this role.","description_kind":"plain","optional":true},"tenant_id":{"type":"string","description":"Tenant ID that owns this role.","description_kind":"plain","computed":true},"type":{"type":"string","description":"Type of the role. Always 'custom' for managed roles.","description_kind":"plain","computed":true},"updated_at":{"type":"string","description":"Timestamp when the role was last updated.","description_kind":"plain","computed":true}},"description":"You can use the *clickhouse_role* resource to manage custom RBAC roles in ClickHouse Cloud.\n\n## Example Usage\n\n```hcl\nresource \"clickhouse_role\" \"example\" {\n  name = \"my-custom-role\"\n\n  policies = [\n    # Organization-level permission\n    {\n      effect  = \"ALLOW\"\n      permissions = [\"control-plane:organization:create-api-keys\"]\n      resources   = [\"organization/\u003corg-id\u003e\"]\n    },\n    # Service-level permission scoped to a specific service\n    {\n      effect  = \"ALLOW\"\n      permissions = [\"control-plane:service:view-backups\"]\n      resources   = [\"instance/\u003cservice-id\u003e\"]\n    },\n    # SQL console passwordless DB access\n    {\n      effect  = \"ALLOW\"\n      permissions = [\"sql-console:database:access\"]\n      resources   = [\"instance/\u003cservice-id\u003e\"]\n      tags = {\n        role = \"sql-console-readonly\"\n      }\n    },\n  ]\n}\n\ndata \"clickhouse_user\" \"alice\" {\n  email = \"alice@example.com\"\n}\n\nresource \"clickhouse_role_assignment\" \"example\" {\n  role_id  = clickhouse_role.example.id\n  user_ids = [data.clickhouse_user.alice.id]\n}\n```\n","description_kind":"markdown"}},"clickhouse_role_assignment":{"version":0,"block":{"attributes":{"api_key_ids":{"type":["set","string"],"description":"Set of API key IDs to assign to the role.","description_kind":"plain","optional":true},"id":{"type":"string","description":"Same as role_id.","description_kind":"plain","computed":true},"role_id":{"type":"string","description":"ID of the role to assign actors to.","description_kind":"plain","required":true},"user_ids":{"type":["set","string"],"description":"Set of user IDs to assign to the role.","description_kind":"plain","optional":true}},"description":"Use the *clickhouse_role_assignment* resource to assign actors (users and/or API keys) to a role. Works for both system roles and custom roles.\n\nOne resource manages all actors for a given role. Use `user_ids` to assign users, `api_key_ids` to assign API keys, or both. Only one `clickhouse_role_assignment` per role is needed.\n\n~\u003e **Note:** On delete, all actors are removed from the role.\n\nTo look up the ID of a system role by name, use the `clickhouse_role` data source.\nTo look up a user ID by email, use the `clickhouse_user` data source.\n\n## Example Usage\n\n```hcl\ndata \"clickhouse_role\" \"member\" {\n  name = \"Member\"\n}\n\ndata \"clickhouse_user\" \"alice\" {\n  email = \"alice@example.com\"\n}\n\ndata \"clickhouse_user\" \"bob\" {\n  email = \"bob@example.com\"\n}\n\ndata \"clickhouse_api_key_id\" \"current\" {}\n\nresource \"clickhouse_role_assignment\" \"member\" {\n  role_id = data.clickhouse_role.member.id\n\n  user_ids    = [data.clickhouse_user.alice.id, data.clickhouse_user.bob.id]\n  api_key_ids = [data.clickhouse_api_key_id.current.id]\n}\n```\n","description_kind":"markdown"}},"clickhouse_service":{"version":1,"block":{"attributes":{"backup_configuration":{"nested_type":{"attributes":{"backup_period_in_hours":{"type":"number","description":"Interval in hours between each backup.","description_kind":"plain","optional":true,"computed":true},"backup_retention_period_in_hours":{"type":"number","description":"How long in hours to keep a backup before deleting it.","description_kind":"plain","optional":true,"computed":true},"backup_start_time":{"type":"string","description":"Time of the day in UTC that indicates the start time of a 2 hours window to be used for backup. If set, backup_period_in_hours must be null and backups are created once a day.","description_kind":"plain","optional":true}},"nesting_mode":"single"},"description":"Configuration of service backup settings.","description_kind":"plain","optional":true,"computed":true},"backup_id":{"type":"string","description":"ID of the backup to restore when creating new service. If specified, the service will be created as a restore operation","description_kind":"plain","optional":true},"byoc_id":{"type":"string","description":"BYOC ID related to the cloud provider account you want to create this service into.","description_kind":"plain","optional":true},"cloud_provider":{"type":"string","description":"Cloud provider ('aws', 'gcp', or 'azure') in which the service is deployed in.","description_kind":"plain","required":true},"compliance_type":{"type":"string","description":"Compliance type of the service. Can be 'hipaa', 'pci'. Required for organizations that wish to deploy their services in the hipaa/pci compliant environment. NOTE: hipaa/pci compliance should be enabled for your ClickHouse organization before using this field.","description_kind":"plain","optional":true},"double_sha1_password_hash":{"type":"string","description":"Double SHA1 hash of password for connecting with the MySQL protocol. Cannot be specified if `password` or `password_wo` is specified.","description_kind":"plain","optional":true,"sensitive":true},"enable_core_dumps":{"type":"bool","description":"Enable core dumps for the service.","description_kind":"plain","optional":true,"computed":true},"encryption_assumed_role_identifier":{"type":"string","description":"Custom role identifier ARN.","description_kind":"plain","optional":true},"encryption_key":{"type":"string","description":"Custom encryption key ARN.","description_kind":"plain","optional":true,"computed":true},"endpoints":{"nested_type":{"attributes":{"https":{"nested_type":{"attributes":{"host":{"type":"string","description":"Endpoint host.","description_kind":"plain","computed":true},"port":{"type":"number","description":"Endpoint port.","description_kind":"plain","computed":true}},"nesting_mode":"single"},"description_kind":"plain","optional":true,"computed":true},"mysql":{"nested_type":{"attributes":{"enabled":{"type":"bool","description":"Wether to enable the mysql endpoint or not.","description_kind":"plain","required":true},"host":{"type":"string","description":"Endpoint host.","description_kind":"plain","computed":true},"port":{"type":"number","description":"Endpoint port.","description_kind":"plain","computed":true}},"nesting_mode":"single"},"description_kind":"plain","optional":true},"nativesecure":{"nested_type":{"attributes":{"host":{"type":"string","description":"Endpoint host.","description_kind":"plain","computed":true},"port":{"type":"number","description":"Endpoint port.","description_kind":"plain","computed":true}},"nesting_mode":"single"},"description_kind":"plain","optional":true,"computed":true}},"nesting_mode":"single"},"description":"Allow to enable and configure additional endpoints (read protocols) to expose on the ClickHouse service.","description_kind":"plain","optional":true,"computed":true},"iam_role":{"type":"string","description":"IAM role used for accessing objects in s3.","description_kind":"plain","computed":true},"id":{"type":"string","description":"ID of the created service. Generated by ClickHouse Cloud.","description_kind":"plain","computed":true},"idle_scaling":{"type":"bool","description":"When set to true the service is allowed to scale down to zero when idle.","description_kind":"plain","optional":true,"computed":true},"idle_timeout_minutes":{"type":"number","description":"Set minimum idling timeout (in minutes). Must be greater than or equal to 5 minutes. Must be set if idle_scaling is enabled.","description_kind":"plain","optional":true,"computed":true},"ip_access":{"nested_type":{"attributes":{"description":{"type":"string","description":"Description of the IP address.","description_kind":"plain","required":true},"source":{"type":"string","description":"IP address allowed to access the service. In case you want to set the ip_access to anywhere you should set source to 0.0.0.0/0","description_kind":"plain","required":true}},"nesting_mode":"list"},"description":"List of IP addresses allowed to access the service.","description_kind":"plain","required":true},"is_primary":{"type":"bool","description":"If true, it indicates this is a primary service using its own data. If false it means this service is a secondary service, thus using data from a warehouse.","description_kind":"plain","computed":true},"max_replica_memory_gb":{"type":"number","description":"Maximum memory of a single replica during auto-scaling in GiB.","description_kind":"plain","optional":true,"computed":true},"max_total_memory_gb":{"type":"number","description":"Maximum total memory of all workers during auto-scaling in GiB.","description_kind":"plain","deprecated":true,"optional":true},"min_replica_memory_gb":{"type":"number","description":"Minimum memory of a single replica during auto-scaling in GiB.","description_kind":"plain","optional":true,"computed":true},"min_total_memory_gb":{"type":"number","description":"Minimum total memory of all workers during auto-scaling in GiB.","description_kind":"plain","deprecated":true,"optional":true},"name":{"type":"string","description":"User defined identifier for the service.","description_kind":"plain","required":true},"num_replicas":{"type":"number","description":"Number of replicas for the service.","description_kind":"plain","optional":true,"computed":true},"password":{"type":"string","description":"Password for the default user. One of either `password`, `password_wo`, or `password_hash` must be specified.","description_kind":"plain","optional":true,"sensitive":true},"password_hash":{"type":"string","description":"SHA256 hash of password for the default user. One of either `password`, `password_wo`, or `password_hash` must be specified.","description_kind":"plain","optional":true,"sensitive":true},"password_wo":{"type":"string","description":"Password for the default user (write-only, not persisted to state). Use this instead of `password` to avoid storing the password hash in Terraform state.","description_kind":"plain","optional":true,"sensitive":true},"password_wo_version":{"type":"number","description":"Version number for password_wo. Increment this to trigger a password update when using password_wo.","description_kind":"plain","optional":true},"private_endpoint_config":{"nested_type":{"attributes":{"endpoint_service_id":{"type":"string","description":"Unique identifier of the interface endpoint you created in your VPC with the AWS(Service Name) or GCP(Target Service) resource.","description_kind":"plain","computed":true},"private_dns_hostname":{"type":"string","description":"Private DNS Hostname of the VPC you created.","description_kind":"plain","computed":true}},"nesting_mode":"single"},"description":"Service config for private endpoints","description_kind":"plain","computed":true},"query_api_endpoints":{"nested_type":{"attributes":{"allowed_origins":{"type":"string","description":"Comma separated list of domain names to be allowed cross-origin resource sharing (CORS) access to the query API. Leave this field empty to restrict access to backend servers only","description_kind":"plain","optional":true},"api_key_ids":{"type":["list","string"],"description":"The UUIDs of the API Keys to grant access to the query API.","description_kind":"plain","required":true},"roles":{"type":["list","string"],"description":"The Database role that will be used to run the query.","description_kind":"plain","required":true}},"nesting_mode":"single"},"description":"Configuration of the query API endpoints feature.","description_kind":"plain","optional":true},"readonly":{"type":"bool","description":"Indicates if this service should be read only. Only allowed for secondary services, those which share data with another service (i.e. when `warehouse_id` field is set).","description_kind":"plain","optional":true,"computed":true},"region":{"type":"string","description":"Region within the cloud provider in which the service is deployed in.","description_kind":"plain","required":true},"release_channel":{"type":"string","description":"Release channel to use for this service. Can be 'default', 'fast' or 'slow'.","description_kind":"plain","optional":true,"computed":true},"tags":{"type":["map","string"],"description":"Tags associated with the service as key-value pairs.","description_kind":"plain","optional":true},"tier":{"type":"string","description":"Tier of the service: 'development', 'production'. Required for organizations using the Legacy ClickHouse Cloud Tiers, must be omitted for organizations using the new ClickHouse Cloud Tiers.","description_kind":"plain","optional":true},"transparent_data_encryption":{"nested_type":{"attributes":{"enabled":{"type":"bool","description":"If true, TDE is enabled for the service.","description_kind":"plain","optional":true,"computed":true},"role_id":{"type":"string","description":"ID of Role to be used for granting access to the Encryption Key. This is an ARN for AWS services and a Service Account Identifier for GCP.","description_kind":"plain","computed":true}},"nesting_mode":"single"},"description":"Configuration of the Transparent Data Encryption (TDE) feature. Requires an organization with the Enterprise plan.","description_kind":"plain","optional":true,"computed":true},"warehouse_id":{"type":"string","description":"Set it to the 'warehouse_id' attribute of another service to share the data with it. The service must be in the same cloud and region.","description_kind":"plain","optional":true,"computed":true}},"description":"You can use the *clickhouse_service* resource to deploy ClickHouse cloud instances on supported cloud providers.\n\nKnown limitations:\n\n- If you create a service with `warehouse_id` set and then remove `warehouse_id` attribute completely, the provider won't detect the change. If you want to make a secondary service become primary, remove the `warehouse_id` and taint it before applying.\n- If you create a service with `readonly` flag set to true and then remove `readonly` flag completely, the provider won't detect the change. If you want to make a secondary service read write, explicitly set the `readonly` flag to false.\n","description_kind":"markdown"}},"clickhouse_service_private_endpoints_attachment":{"version":0,"block":{"attributes":{"private_endpoint_ids":{"type":["list","string"],"description":"List of private endpoint IDs","description_kind":"plain","optional":true,"computed":true},"service_id":{"type":"string","description":"ClickHouse Service ID","description_kind":"plain","optional":true}},"description":"Use the *clickhouse_service_private_endpoints_attachment* resource to attach a ClickHouse *service* to a *Private Endpoint*.\nImportant: Please note that if you want to attach the same ClickHouse *service* to multiple *Private Endpoints* you have to specify all the *Private Endpoint IDs* in a single *clickhouse_service_private_endpoints_attachment* resource.\nHaving multiple *clickhouse_service_private_endpoints_attachment* resources for the same service is unsupported and the outcome is unpredictable.\n\nSee [private_endpoint_registration](https://registry.terraform.io/providers/ClickHouse/clickhouse/latest/docs/resources/private_endpoint_registration) for how to create a *private endpoint*.\n\nSee [full example](https://github.com/ClickHouse/terraform-provider-clickhouse/tree/main/examples/full/private_endpoint) on GitHub.\n","description_kind":"markdown"}},"clickhouse_service_scheduled_scaling":{"version":0,"block":{"attributes":{"base_config":{"nested_type":{"attributes":{"idle_scaling":{"type":"bool","description_kind":"plain","computed":true},"idle_timeout_minutes":{"type":"number","description_kind":"plain","computed":true},"max_replica_memory_gb":{"type":"number","description_kind":"plain","computed":true},"max_replicas":{"type":"number","description_kind":"plain","computed":true},"min_replica_memory_gb":{"type":"number","description_kind":"plain","computed":true},"min_replicas":{"type":"number","description_kind":"plain","computed":true}},"nesting_mode":"single"},"description":"Fallback configuration applied when no entry is currently active. Server-managed.","description_kind":"plain","computed":true},"entries":{"nested_type":{"attributes":{"end_hour_utc":{"type":"number","description":"End hour in UTC (1-24). Must differ from start_hour_utc. Note the asymmetric range: end_hour_utc=0 is invalid; use end_hour_utc=24 to mean midnight at end of day.","description_kind":"plain","required":true},"idle_scaling":{"type":"bool","description":"Whether idle scaling is enabled while the window is active.","description_kind":"plain","optional":true,"computed":true},"idle_timeout_minutes":{"type":"number","description":"Minutes of inactivity before the service scales to zero. Must be at least 5. Only meaningful when idle_scaling is true.","description_kind":"plain","optional":true,"computed":true},"max_replica_memory_gb":{"type":"number","description":"Maximum memory per replica in GiB. Must be set together with min_replica_memory_gb.","description_kind":"plain","optional":true,"computed":true},"max_replicas":{"type":"number","description":"Maximum replica count while the window is active. Currently the server requires min_replicas == max_replicas.","description_kind":"plain","optional":true,"computed":true},"min_replica_memory_gb":{"type":"number","description":"Minimum memory per replica in GiB. Must be set together with max_replica_memory_gb.","description_kind":"plain","optional":true,"computed":true},"min_replicas":{"type":"number","description":"Minimum replica count while the window is active. Currently the server requires min_replicas == max_replicas.","description_kind":"plain","optional":true,"computed":true},"name":{"type":"string","description":"Human-readable name for the entry (e.g. \"Business hours\").","description_kind":"plain","required":true},"start_hour_utc":{"type":"number","description":"Start hour in UTC (0-23). If end_hour_utc \u003c start_hour_utc the window wraps overnight. Set start_hour_utc=0 and end_hour_utc=24 for a 24-hour window.","description_kind":"plain","required":true},"weekdays":{"type":["set","number"],"description":"Weekdays this entry covers. 0 = Sunday … 6 = Saturday.","description_kind":"plain","required":true}},"nesting_mode":"set"},"description":"Recurring scaling windows. The server rejects any pair of entries that overlap in time, so at most one window is active at any moment; otherwise base_config applies.","description_kind":"plain","required":true},"id":{"type":"string","description":"Resource identifier. Equal to service_id (one schedule per service).","description_kind":"plain","computed":true},"service_id":{"type":"string","description":"ClickHouse Cloud service ID this schedule applies to.","description_kind":"plain","required":true}},"description":"You can use the *clickhouse_service_scheduled_scaling* resource to manage time-based scaling rules for a ClickHouse Cloud service.\n\nA schedule is a set of recurring weekly windows. The server rejects any pair of entries that overlap in time, so at most one window is active at any moment. While a window is active the service uses the replica count, memory bounds, and idle-scaling settings declared on that entry; otherwise the service falls back to its base auto-scaling configuration.\n\n~\u003e **Note:** This resource is in alpha. Scheduled scaling must be enabled for your organization (`canUseScheduledAutoscaling`). Reach out to ClickHouse support if the API returns `403 FORBIDDEN`. The server currently requires `min_replicas == max_replicas` per entry, and a maximum of 10 entries per schedule.\n\n## Hour ranges\n\nHour ranges are asymmetric:\n\n- `start_hour_utc` accepts `0`–`23`.\n- `end_hour_utc` accepts `1`–`24`.\n- `start_hour_utc` and `end_hour_utc` must differ.\n- Set `start_hour_utc = 0` and `end_hour_utc = 24` for a 24-hour window.\n- Set `end_hour_utc \u003c start_hour_utc` to wrap overnight (e.g. `22` to `6` covers 22:00–06:00 next day).\n\n## Example Usage\n\n```hcl\nresource \"clickhouse_service_scheduled_scaling\" \"example\" {\n  service_id = clickhouse_service.example.id\n\n  entries = [\n    {\n      name           = \"Business hours\"\n      weekdays       = [1, 2, 3, 4, 5] # Mon-Fri\n      start_hour_utc = 8\n      end_hour_utc   = 18\n      min_replicas   = 3\n      max_replicas   = 3\n      idle_scaling   = false\n    },\n    {\n      name                 = \"Overnight\"\n      weekdays             = [0, 1, 2, 3, 4, 5, 6]\n      start_hour_utc       = 22\n      end_hour_utc         = 6 # wraps overnight when end \u003c start\n      min_replicas         = 1\n      max_replicas         = 1\n      idle_scaling         = true\n      idle_timeout_minutes = 5\n    },\n  ]\n}\n```\n\n## Import\n\n```sh\nterraform import clickhouse_service_scheduled_scaling.example \u003cservice_id\u003e\n```\n","description_kind":"markdown"}},"clickhouse_service_transparent_data_encryption_key_association":{"version":0,"block":{"attributes":{"key_id":{"type":"string","description":"ID of the Encryption key to use for data encryption. Must be an ARN for AWS services or a Key Resource Path for GCP services.","description_kind":"plain","required":true},"service_id":{"type":"string","description":"ClickHouse Service ID","description_kind":"plain","required":true}},"description":"You can use the *clickhouse_service_transparent_data_encryption_key_association* resource to associate your own Encryption Key with a Clickhouse Service with the Transparent Data Encryption (TDE) feature enabled.\nPlease note that this feature requires an organization with the `Enterprise` plan.\n","description_kind":"markdown"}},"clickhouse_service_upgrade_window":{"version":0,"block":{"attributes":{"duration":{"type":"number","description":"Length of the upgrade window in hours. Server-controlled; currently always 6.","description_kind":"plain","computed":true},"id":{"type":"string","description":"Resource identifier. Equal to service_id (one window per service).","description_kind":"plain","computed":true},"service_id":{"type":"string","description":"ClickHouse Cloud service ID this upgrade window applies to.","description_kind":"plain","required":true},"start_hour_utc":{"type":"number","description":"UTC hour when the upgrade window starts. Must be one of 0, 6, 12, or 18.","description_kind":"plain","required":true},"weekday":{"type":"number","description":"Day of the week the upgrade window starts. 0 = Sunday, 1 = Monday, …, 6 = Saturday.","description_kind":"plain","required":true}},"description":"You can use the *clickhouse_service_upgrade_window* resource to pin the weekly upgrade window for a ClickHouse Cloud service.\n\nWhen configured, the data plane only attempts service upgrades during the declared window. The window is a single weekly recurrence: a `weekday` plus a `start_hour_utc`. The window currently lasts 6 hours from `start_hour_utc`; `duration` is returned by the API and exposed as a read-only attribute.\n\n~\u003e **Note:** This resource is in alpha. Setting or updating an upgrade window requires the `canUseScheduledUpgrades` entitlement — reach out to ClickHouse support if the API returns `403 FORBIDDEN`. Deleting an upgrade window is allowed even after the entitlement is lost, so existing windows can always be cleared.\n\n## Primary services only\n\nThe upgrade window can only be set on primary services. Secondary services inherit the window from their primary. Applying this resource against a secondary service returns a `400` with the message `cannot set upgrade window on a secondary service`, surfaced by the provider as `Upgrade windows can only be set on primary services`.\n\n## Allowed values\n\n- `weekday`: `0` (Sunday) – `6` (Saturday)\n- `start_hour_utc`: one of `0`, `6`, `12`, `18`\n\n## Best-effort overwrite protection\n\n`Create` performs a `GET` before issuing the `PUT` so that an existing window (e.g. one configured out-of-band) surfaces a \"please import\" diagnostic instead of being silently overwritten. The check is best-effort: a window created between this resource's `GET` and `PUT` (e.g. by another tool, or another Terraform apply) will still be overwritten by `PUT`.\n\n## Import\n\n```sh\nterraform import clickhouse_service_upgrade_window.example \u003cservice_id\u003e\n```\n\nImport is refused with a clear diagnostic when the supplied service ID does not exist or points at a secondary service. Importing a primary service that does not yet have an upgrade window configured succeeds, but the subsequent Read returns `404` and removes the resource from state — leaving the next plan proposing a fresh create. Confirm the service ID is correct before importing.\n\n## Example Usage\n\n```hcl\nresource \"clickhouse_service_upgrade_window\" \"example\" {\n  service_id     = clickhouse_service.example.id\n  weekday        = 3 # Wednesday\n  start_hour_utc = 12\n}\n```\n","description_kind":"markdown"}}},"data_source_schemas":{"clickhouse_api_key_id":{"version":0,"block":{"attributes":{"id":{"type":"string","description":"The ID of the API key used by the provider to connect to the service. This is a read-only attribute.","description_kind":"plain","computed":true},"name":{"type":"string","description":"The name of the API key to retrieve information about. If left empty, the API key used by the Terraform provider is used instead.","description_kind":"plain","optional":true,"computed":true}},"description":"The *clickhouse_api_key_id* data source can be used to retrieve the UUID of a ClickHouse cloud API key.\nIt is meant to be used in the *clickhouse_service* resource to set the `query_api_endpoints` attribute.\n\nIt can be used in two ways:\n\n1) To retrieve information about an API Key, by providing its name\n2) To retrieve information about the API Key currently configured for running the terraform provider\n\nIn both cases the data source will contain the `id` and `name` attributes.\n","description_kind":"markdown"}},"clickhouse_postgres_service":{"version":0,"block":{"attributes":{"cloud_provider":{"type":"string","description":"Cloud provider hosting the instance.","description_kind":"plain","computed":true},"connection_string":{"type":"string","description":"Full connection URI (embeds the password). Sensitive.","description_kind":"plain","computed":true,"sensitive":true},"created_at":{"type":"string","description":"RFC3339 creation timestamp.","description_kind":"plain","computed":true},"ha_type":{"type":"string","description":"High-availability mode ('none', 'async', 'sync').","description_kind":"plain","computed":true},"hostname":{"type":"string","description":"Network hostname for client connections.","description_kind":"plain","computed":true},"id":{"type":"string","description":"Unique identifier of the Postgres service to look up.","description_kind":"plain","required":true},"is_primary":{"type":"bool","description":"True for a primary; false for a read replica.","description_kind":"plain","computed":true},"name":{"type":"string","description":"Human-readable name.","description_kind":"plain","computed":true},"pg_config":{"type":["map","string"],"description":"Postgres server parameters currently set on the instance. Read-only; a string map.","description_kind":"plain","computed":true},"pgbouncer_config":{"type":["map","string"],"description":"PgBouncer parameters currently set on the instance. Read-only; a string map.","description_kind":"plain","computed":true},"port":{"type":"number","description":"TCP port for client connections.","description_kind":"plain","computed":true},"postgres_version":{"type":"string","description":"Major Postgres version.","description_kind":"plain","computed":true},"region":{"type":"string","description":"Cloud region.","description_kind":"plain","computed":true},"size":{"type":"string","description":"Instance size (VM SKU).","description_kind":"plain","computed":true},"state":{"type":"string","description":"Server-reported state.","description_kind":"plain","computed":true},"tags":{"type":["map","string"],"description":"User tags. Read-only; a string map.","description_kind":"plain","computed":true},"username":{"type":"string","description":"Default superuser name.","description_kind":"plain","computed":true}},"description":"~\u003e **Note:** This data source is in alpha and its behavior may change in future provider versions.\n\nFetches a single [ClickHouse Cloud Managed Postgres](https://clickhouse.com/cloud/postgres)\nservice by ID, including its current `pg_config` / `pgbouncer_config`.\n\nReturns the service's server-reported attributes: `cloud_provider`, `region`,\n`size`, `ha_type`, `postgres_version`, status (`state`, `created_at`,\n`is_primary`), connectivity (`hostname`, `username`, `connection_string`), and\n`tags` / `pg_config` / `pgbouncer_config` (`port` is the fixed default 5432 —\nthe server doesn't expose a per-instance port). It does not surface a standalone\n`password` field, but the returned `connection_string` (sensitive) embeds the\nactive password — so the credential is available here. The write-time create\ninputs — `read_replica_of`, `restore_to_point_in_time` — are not\nread back. `tags`, `pg_config`, and `pgbouncer_config` are read-only string maps.\n\n## Example\n\n```hcl\ndata \"clickhouse_postgres_service\" \"example\" {\n  id = \"5f1a3d9d-3d8e-8ed0-8d25-545aec9d5e3b\"\n}\n\noutput \"host\" {\n  value = data.clickhouse_postgres_service.example.hostname\n}\n```\n","description_kind":"markdown"}},"clickhouse_postgres_service_ca_certificates":{"version":0,"block":{"attributes":{"certificate":{"type":"string","description":"PEM-encoded CA certificate chain.","description_kind":"plain","computed":true},"service_id":{"type":"string","description":"ID of the Postgres service whose CA certificate chain to fetch.","description_kind":"plain","required":true}},"description":"~\u003e **Note:** This data source is in alpha and its behavior may change in future provider versions.\n\nFetches the PEM-encoded CA certificate chain for a\n[ClickHouse Cloud Managed Postgres](https://clickhouse.com/cloud/postgres)\nservice. Use it to pin the CA when connecting with `sslmode=verify-full`.\n\nInput `service_id`; output `certificate` (the PEM chain).\n\n## Example\n\n```hcl\ndata \"clickhouse_postgres_service_ca_certificates\" \"example\" {\n  service_id = clickhouse_postgres_service.example.id\n}\n\nresource \"local_file\" \"ca\" {\n  content  = data.clickhouse_postgres_service_ca_certificates.example.certificate\n  filename = \"${path.module}/pg-ca.pem\"\n}\n```\n","description_kind":"markdown"}},"clickhouse_postgres_services":{"version":0,"block":{"attributes":{"services":{"nested_type":{"attributes":{"cloud_provider":{"type":"string","description_kind":"plain","computed":true},"created_at":{"type":"string","description_kind":"plain","computed":true},"ha_type":{"type":"string","description_kind":"plain","computed":true},"id":{"type":"string","description_kind":"plain","computed":true},"is_primary":{"type":"bool","description_kind":"plain","computed":true},"name":{"type":"string","description_kind":"plain","computed":true},"postgres_version":{"type":"string","description_kind":"plain","computed":true},"region":{"type":"string","description_kind":"plain","computed":true},"size":{"type":"string","description_kind":"plain","computed":true},"state":{"type":"string","description_kind":"plain","computed":true}},"nesting_mode":"list"},"description":"All Managed Postgres services in the organization (summary fields).","description_kind":"plain","computed":true}},"description":"~\u003e **Note:** This data source is in alpha and its behavior may change in future provider versions.\n\nLists all [ClickHouse Cloud Managed Postgres](https://clickhouse.com/cloud/postgres)\nservices in the organization. Returns a `services` list of summary objects\n(`id`, `name`, `cloud_provider`, `region`, `postgres_version`, `size`,\n`ha_type`, `state`, `created_at`, `is_primary`).\n\nThe list endpoint does not return `connection_string`, `password`, or\n`pg_config`; use the `clickhouse_postgres_service` data source (by ID) for the\nfull set of attributes.\n\n## Example\n\n```hcl\ndata \"clickhouse_postgres_services\" \"all\" {}\n\noutput \"service_names\" {\n  value = [for s in data.clickhouse_postgres_services.all.services : s.name]\n}\n```\n","description_kind":"markdown"}},"clickhouse_private_endpoint_config":{"version":0,"block":{"attributes":{"cloud_provider":{"type":"string","description":"The cloud provider for the private endpoint. Valid values are 'aws', 'gcp', or 'azure'.","description_kind":"plain","required":true},"endpoint_service_id":{"type":"string","description":"The ID of the private endpoint that is used to securely connect to ClickHouse. This is a read-only attribute.","description_kind":"plain","computed":true},"region":{"type":"string","description":"The region for the private endpoint. Valid values are specific to the cloud provider i.e. us-east-2","description_kind":"plain","required":true}},"description_kind":"plain","deprecated":true}},"clickhouse_role":{"version":0,"block":{"attributes":{"actors":{"type":["list","string"],"description":"List of actors assigned to this role.","description_kind":"plain","computed":true},"created_at":{"type":"string","description":"Timestamp when the role was created.","description_kind":"plain","computed":true},"id":{"type":"string","description":"Unique identifier of the role. Exactly one of id or name must be set.","description_kind":"plain","optional":true,"computed":true},"name":{"type":"string","description":"Name of the role to look up. Exactly one of id or name must be set.","description_kind":"plain","optional":true,"computed":true},"owner_id":{"type":"string","description":"Owner ID of this role.","description_kind":"plain","computed":true},"policies":{"nested_type":{"attributes":{"effect":{"type":"string","description":"Whether this policy allows or denies the specified permissions.","description_kind":"plain","computed":true},"id":{"type":"string","description":"Server-assigned policy ID.","description_kind":"plain","computed":true},"permissions":{"type":["set","string"],"description":"List of permission strings.","description_kind":"plain","computed":true},"resources":{"type":["set","string"],"description":"List of resources this policy applies to.","description_kind":"plain","computed":true},"role_id":{"type":"string","description":"ID of the role this policy belongs to.","description_kind":"plain","computed":true},"tags":{"nested_type":{"attributes":{"role":{"type":"string","description":"SQL console role level for passwordless DB access. One of: sql-console-admin (full access), sql-console-readonly (read-only).","description_kind":"plain","computed":true}},"nesting_mode":"single"},"description":"Optional tags for additional policy metadata.","description_kind":"plain","computed":true},"tenant_id":{"type":"string","description":"Tenant ID that owns this policy.","description_kind":"plain","computed":true}},"nesting_mode":"list"},"description":"List of policies attached to this role.","description_kind":"plain","computed":true},"tenant_id":{"type":"string","description":"Tenant ID that owns this role.","description_kind":"plain","computed":true},"type":{"type":"string","description":"Type of the role: 'system' or 'custom'.","description_kind":"plain","computed":true},"updated_at":{"type":"string","description":"Timestamp when the role was last updated.","description_kind":"plain","computed":true}},"description":"Use this data source to look up a single RBAC role by ID or name. Exactly one of `id` or `name` must be set.\n\n## Example Usage\n\n```hcl\n# Look up a system role by name\ndata \"clickhouse_role\" \"admin\" {\n  name = \"Admin\"\n}\n\n# Look up a custom role by ID\ndata \"clickhouse_role\" \"custom\" {\n  id = \"47f0b035-d6ca-4600-8c69-9955551857e5\"\n}\n```\n","description_kind":"markdown"}},"clickhouse_roles":{"version":0,"block":{"attributes":{"roles":{"nested_type":{"attributes":{"actors":{"type":["list","string"],"description":"List of actors assigned to this role.","description_kind":"plain","computed":true},"created_at":{"type":"string","description":"Timestamp when the role was created.","description_kind":"plain","computed":true},"id":{"type":"string","description":"Unique identifier for the role.","description_kind":"plain","computed":true},"name":{"type":"string","description":"Name of the role.","description_kind":"plain","computed":true},"owner_id":{"type":"string","description":"Owner ID of this role.","description_kind":"plain","computed":true},"policies":{"nested_type":{"attributes":{"effect":{"type":"string","description":"Whether this policy allows or denies the specified permissions.","description_kind":"plain","computed":true},"id":{"type":"string","description":"Server-assigned policy ID.","description_kind":"plain","computed":true},"permissions":{"type":["set","string"],"description":"List of permission strings.","description_kind":"plain","computed":true},"resources":{"type":["set","string"],"description":"List of resources this policy applies to.","description_kind":"plain","computed":true},"role_id":{"type":"string","description":"ID of the role this policy belongs to.","description_kind":"plain","computed":true},"tags":{"nested_type":{"attributes":{"role":{"type":"string","description":"SQL console role level for passwordless DB access. One of: sql-console-admin (full access), sql-console-readonly (read-only).","description_kind":"plain","computed":true}},"nesting_mode":"single"},"description":"Optional tags for additional policy metadata.","description_kind":"plain","computed":true},"tenant_id":{"type":"string","description":"Tenant ID that owns this policy.","description_kind":"plain","computed":true}},"nesting_mode":"list"},"description":"List of policies attached to this role.","description_kind":"plain","computed":true},"tenant_id":{"type":"string","description":"Tenant ID that owns this role.","description_kind":"plain","computed":true},"type":{"type":"string","description":"Type of the role: 'system' or 'custom'.","description_kind":"plain","computed":true},"updated_at":{"type":"string","description":"Timestamp when the role was last updated.","description_kind":"plain","computed":true}},"nesting_mode":"list"},"description":"List of all roles in the organization.","description_kind":"plain","computed":true}},"description":"Use this data source to list all RBAC roles (both system and custom) in your ClickHouse Cloud organization.\n\n## Example Usage\n\n```hcl\ndata \"clickhouse_roles\" \"all\" {}\n\nlocals {\n  admin_role_id = [for r in data.clickhouse_roles.all.roles : r.id if r.name == \"Admin\"][0]\n}\n```\n","description_kind":"markdown"}},"clickhouse_user":{"version":0,"block":{"attributes":{"assigned_roles":{"nested_type":{"attributes":{"id":{"type":"string","description":"The ID of the assigned role.","description_kind":"plain","computed":true},"name":{"type":"string","description":"The name of the assigned role.","description_kind":"plain","computed":true},"type":{"type":"string","description":"The type of the assigned role (system or custom).","description_kind":"plain","computed":true}},"nesting_mode":"list"},"description":"Roles assigned to the user.","description_kind":"plain","computed":true},"email":{"type":"string","description":"Email address of the user. Exactly one of id or email must be set.","description_kind":"plain","optional":true,"computed":true},"id":{"type":"string","description":"User ID. Exactly one of id or email must be set.","description_kind":"plain","optional":true,"computed":true},"joined_at":{"type":"string","description":"Timestamp when the user joined the organization.","description_kind":"plain","computed":true},"name":{"type":"string","description":"Display name of the user.","description_kind":"plain","computed":true}},"description":"Use this data source to look up an organization member by email or user ID. Exactly one of `email` or `id` must be set.\n\n## Example Usage\n\n```hcl\ndata \"clickhouse_user\" \"alice\" {\n  email = \"alice@example.com\"\n}\n\ndata \"clickhouse_role\" \"member\" {\n  name = \"Member\"\n}\n\nresource \"clickhouse_role_assignment\" \"alice_member\" {\n  role_id  = data.clickhouse_role.member.id\n  user_ids = [data.clickhouse_user.alice.id]\n}\n```\n","description_kind":"markdown"}}}}}}
